
Microsoft Visual Studio Solution File, Format Version 12.00
# Visual Studio 15
VisualStudioVersion = 15.0.28307.106
MinimumVisualStudioVersion = 10.0.40219.1
Project("{FAE04EC0-301F-11D3-BF4B-00C04F79EFBC}") = "SuffixTree", "src\SuffixTree\Algorithms\SuffixTree\SuffixTree.csproj", "{47E0DDD2-AC33-47BF-A560-7405DEB3E3CF}"
EndProject
Project("{FAE04EC0-301F-11D3-BF4B-00C04F79EFBC}") = "SuffixTree.Tests", "tests\SuffixTree\SuffixTree.Tests\SuffixTree.Tests.csproj", "{4DA29E2B-FCC5-414F-BCBC-64F570515CE7}"
EndProject
Project("{FAE04EC0-301F-11D3-BF4B-00C04F79EFBC}") = "SuffixTree.Console", "apps\SuffixTree.Console\SuffixTree.Console.csproj", "{55F658F5-963A-47C0-9D0B-7629BBCC4402}"
EndProject
Project("{FAE04EC0-301F-11D3-BF4B-00C04F79EFBC}") = "SuffixTree.Benchmarks", "apps\SuffixTree.Benchmarks\SuffixTree.Benchmarks.csproj", "{1D84E2DB-8517-4C0B-8DA6-A48931BE5D70}"
EndProject
Project("{FAE04EC0-301F-11D3-BF4B-00C04F79EFBC}") = "Seqeron.Genomics", "src\Seqeron\Algorithms\Seqeron.Genomics\Seqeron.Genomics.csproj", "{6F1B1649-6270-4AFF-B86F-A2125DDAFD2A}"
EndProject
Project("{FAE04EC0-301F-11D3-BF4B-00C04F79EFBC}") = "Seqeron.Genomics.Tests", "tests\Seqeron\Seqeron.Genomics.Tests\Seqeron.Genomics.Tests.csproj", "{C7ED0559-CA2F-4526-844E-F07D3135F5FE}"
EndProject
Project("{FAE04EC0-301F-11D3-BF4B-00C04F79EFBC}") = "SuffixTree.Mcp.Core", "src\SuffixTree\Mcp\SuffixTree.Mcp.Core\SuffixTree.Mcp.Core.csproj", "{A316316B-45B5-468B-A754-ED44C4AEC4C6}"
EndProject
Project("{FAE04EC0-301F-11D3-BF4B-00C04F79EFBC}") = "SuffixTree.Mcp.Core.Tests", "tests\SuffixTree\SuffixTree.Mcp.Core.Tests\SuffixTree.Mcp.Core.Tests.csproj", "{2635BBDF-1331-4975-9E59-BEA62885095A}"
EndProject
Project("{FAE04EC0-301F-11D3-BF4B-00C04F79EFBC}") = "Seqeron.Mcp.Sequence", "src\Seqeron\Mcp\Seqeron.Mcp.Sequence\Seqeron.Mcp.Sequence.csproj", "{EF320F1A-216F-4650-9103-B56DD7F72716}"
EndProject
Project("{FAE04EC0-301F-11D3-BF4B-00C04F79EFBC}") = "Seqeron.Mcp.Sequence.Tests", "tests\Seqeron\Seqeron.Mcp.Sequence.Tests\Seqeron.Mcp.Sequence.Tests.csproj", "{FE290F73-0328-420F-BEB3-35248FA16C89}"
EndProject
Project("{FAE04EC0-301F-11D3-BF4B-00C04F79EFBC}") = "Seqeron.Mcp.Parsers", "src\Seqeron\Mcp\Seqeron.Mcp.Parsers\Seqeron.Mcp.Parsers.csproj", "{4871A797-FA5C-43FD-9698-5BDB289CF14F}"
EndProject
Project("{FAE04EC0-301F-11D3-BF4B-00C04F79EFBC}") = "Seqeron.Mcp.Parsers.Tests", "tests\Seqeron\Seqeron.Mcp.Parsers.Tests\Seqeron.Mcp.Parsers.Tests.csproj", "{4E970B7D-B686-4FD4-8444-04FF2D34E171}"
EndProject
Project("{FAE04EC0-301F-11D3-BF4B-00C04F79EFBC}") = "SuffixTree.Persistent", "src\SuffixTree\Algorithms\SuffixTree.Persistent\SuffixTree.Persistent.csproj", "{18A7C999-1A8B-416E-9D55-0B0967A97B42}"
EndProject
Project("{FAE04EC0-301F-11D3-BF4B-00C04F79EFBC}") = "SuffixTree.Persistent.Tests", "tests\SuffixTree\SuffixTree.Persistent.Tests\SuffixTree.Persistent.Tests.csproj", "{178AA3D4-10E1-4EC8-99E5-2EF069FFFD1E}"
EndProject
Project("{2150E333-8FDC-42A3-9474-1A3956D46DE8}") = "src", "src", "{827E0CD3-B72D-47B6-A68D-7590B98EB39B}"
EndProject
Project("{2150E333-8FDC-42A3-9474-1A3956D46DE8}") = "Seqeron", "Seqeron", "{64D6CA14-029A-7BC3-5F47-A91DDCEB63D8}"
EndProject
Project("{FAE04EC0-301F-11D3-BF4B-00C04F79EFBC}") = "Seqeron.Genomics.Infrastructure", "src\Seqeron\Algorithms\Seqeron.Genomics.Infrastructure\Seqeron.Genomics.Infrastructure.csproj", "{8D756A4E-2324-4F94-92AD-5A022F6A69F9}"
EndProject
Project("{FAE04EC0-301F-11D3-BF4B-00C04F79EFBC}") = "Seqeron.Genomics.Core", "src\Seqeron\Algorithms\Seqeron.Genomics.Core\Seqeron.Genomics.Core.csproj", "{229640A0-7982-4605-ACC5-D1D2A12D27FB}"
EndProject
Project("{FAE04EC0-301F-11D3-BF4B-00C04F79EFBC}") = "Seqeron.Genomics.IO", "src\Seqeron\Algorithms\Seqeron.Genomics.IO\Seqeron.Genomics.IO.csproj", "{24A80235-A525-47BF-8DDB-A77DA00181C8}"
EndProject
Project("{FAE04EC0-301F-11D3-BF4B-00C04F79EFBC}") = "Seqeron.Genomics.Alignment", "src\Seqeron\Algorithms\Seqeron.Genomics.Alignment\Seqeron.Genomics.Alignment.csproj", "{FF455A75-5427-4D9A-91D5-941BD825080A}"
EndProject
Project("{FAE04EC0-301F-11D3-BF4B-00C04F79EFBC}") = "Seqeron.Genomics.Analysis", "src\Seqeron\Algorithms\Seqeron.Genomics.Analysis\Seqeron.Genomics.Analysis.csproj", "{83F46BFC-3488-4225-BB88-A5891918A6BF}"
EndProject
Project("{FAE04EC0-301F-11D3-BF4B-00C04F79EFBC}") = "Seqeron.Genomics.Annotation", "src\Seqeron\Algorithms\Seqeron.Genomics.Annotation\Seqeron.Genomics.Annotation.csproj", "{C51F91A1-0E0A-42BD-8694-3B53E8957AEC}"
EndProject
Project("{FAE04EC0-301F-11D3-BF4B-00C04F79EFBC}") = "Seqeron.Genomics.Phylogenetics", "src\Seqeron\Algorithms\Seqeron.Genomics.Phylogenetics\Seqeron.Genomics.Phylogenetics.csproj", "{AC4B6486-0313-4FAE-9EF3-271FD43AF019}"
EndProject
Project("{FAE04EC0-301F-11D3-BF4B-00C04F79EFBC}") = "Seqeron.Genomics.Population", "src\Seqeron\Algorithms\Seqeron.Genomics.Population\Seqeron.Genomics.Population.csproj", "{642CCFC8-05EF-47A1-A5E9-847AD9CF7FD8}"
EndProject
Project("{FAE04EC0-301F-11D3-BF4B-00C04F79EFBC}") = "Seqeron.Genomics.Metagenomics", "src\Seqeron\Algorithms\Seqeron.Genomics.Metagenomics\Seqeron.Genomics.Metagenomics.csproj", "{2E309D7C-17DE-48A8-A3E0-BA85FA5AA26A}"
EndProject
Project("{FAE04EC0-301F-11D3-BF4B-00C04F79EFBC}") = "Seqeron.Genomics.Chromosome", "src\Seqeron\Algorithms\Seqeron.Genomics.Chromosome\Seqeron.Genomics.Chromosome.csproj", "{9E4CC7E8-1981-4D66-8685-E648B10A3C31}"
EndProject
Project("{FAE04EC0-301F-11D3-BF4B-00C04F79EFBC}") = "Seqeron.Genomics.MolTools", "src\Seqeron\Algorithms\Seqeron.Genomics.MolTools\Seqeron.Genomics.MolTools.csproj", "{3E9876EB-709E-4C26-A526-DCFA6B54F70A}"
EndProject
Project("{FAE04EC0-301F-11D3-BF4B-00C04F79EFBC}") = "Seqeron.Genomics.Reports", "src\Seqeron\Algorithms\Seqeron.Genomics.Reports\Seqeron.Genomics.Reports.csproj", "{140CDC04-3459-4AE4-91AE-3263AE6998FA}"
EndProject
Project("{2150E333-8FDC-42A3-9474-1A3956D46DE8}") = "SuffixTree", "SuffixTree", "{432C9FE6-191E-41AD-8ED4-430A4EE34B8E}"
EndProject
Project("{2150E333-8FDC-42A3-9474-1A3956D46DE8}") = "Algorithms", "Algorithms", "{3D6665B7-8051-A8F1-E9B8-0001FF66731B}"
EndProject
Project("{FAE04EC0-301F-11D3-BF4B-00C04F79EFBC}") = "SuffixTree.Core", "src\SuffixTree\Algorithms\SuffixTree.Core\SuffixTree.Core.csproj", "{303A60B9-0482-401D-9216-33230A1F5E23}"
EndProject
Global
	GlobalSection(SolutionConfigurationPlatforms) = preSolution
		Debug|Any CPU = Debug|Any CPU
		Debug|x64 = Debug|x64
		Debug|x86 = Debug|x86
		Release|Any CPU = Release|Any CPU
		Release|x64 = Release|x64
		Release|x86 = Release|x86
	EndGlobalSection
	GlobalSection(ProjectConfigurationPlatforms) = postSolution
		{47E0DDD2-AC33-47BF-A560-7405DEB3E3CF}.Debug|Any CPU.ActiveCfg = Debug|Any CPU
		{47E0DDD2-AC33-47BF-A560-7405DEB3E3CF}.Debug|Any CPU.Build.0 = Debug|Any CPU
		{47E0DDD2-AC33-47BF-A560-7405DEB3E3CF}.Debug|x64.ActiveCfg = Debug|Any CPU
		{47E0DDD2-AC33-47BF-A560-7405DEB3E3CF}.Debug|x64.Build.0 = Debug|Any CPU
		{47E0DDD2-AC33-47BF-A560-7405DEB3E3CF}.Debug|x86.ActiveCfg = Debug|Any CPU
		{47E0DDD2-AC33-47BF-A560-7405DEB3E3CF}.Debug|x86.Build.0 = Debug|Any CPU
		{47E0DDD2-AC33-47BF-A560-7405DEB3E3CF}.Release|Any CPU.ActiveCfg = Release|Any CPU
		{47E0DDD2-AC33-47BF-A560-7405DEB3E3CF}.Release|Any CPU.Build.0 = Release|Any CPU
		{47E0DDD2-AC33-47BF-A560-7405DEB3E3CF}.Release|x64.ActiveCfg = Release|Any CPU
		{47E0DDD2-AC33-47BF-A560-7405DEB3E3CF}.Release|x64.Build.0 = Release|Any CPU
		{47E0DDD2-AC33-47BF-A560-7405DEB3E3CF}.Release|x86.ActiveCfg = Release|Any CPU
		{47E0DDD2-AC33-47BF-A560-7405DEB3E3CF}.Release|x86.Build.0 = Release|Any CPU
		{4DA29E2B-FCC5-414F-BCBC-64F570515CE7}.Debug|Any CPU.ActiveCfg = Debug|Any CPU
		{4DA29E2B-FCC5-414F-BCBC-64F570515CE7}.Debug|Any CPU.Build.0 = Debug|Any CPU
		{4DA29E2B-FCC5-414F-BCBC-64F570515CE7}.Debug|x64.ActiveCfg = Debug|Any CPU
		{4DA29E2B-FCC5-414F-BCBC-64F570515CE7}.Debug|x64.Build.0 = Debug|Any CPU
		{4DA29E2B-FCC5-414F-BCBC-64F570515CE7}.Debug|x86.ActiveCfg = Debug|Any CPU
		{4DA29E2B-FCC5-414F-BCBC-64F570515CE7}.Debug|x86.Build.0 = Debug|Any CPU
		{4DA29E2B-FCC5-414F-BCBC-64F570515CE7}.Release|Any CPU.ActiveCfg = Release|Any CPU
		{4DA29E2B-FCC5-414F-BCBC-64F570515CE7}.Release|Any CPU.Build.0 = Release|Any CPU
		{4DA29E2B-FCC5-414F-BCBC-64F570515CE7}.Release|x64.ActiveCfg = Release|Any CPU
		{4DA29E2B-FCC5-414F-BCBC-64F570515CE7}.Release|x64.Build.0 = Release|Any CPU
		{4DA29E2B-FCC5-414F-BCBC-64F570515CE7}.Release|x86.ActiveCfg = Release|Any CPU
		{4DA29E2B-FCC5-414F-BCBC-64F570515CE7}.Release|x86.Build.0 = Release|Any CPU
		{55F658F5-963A-47C0-9D0B-7629BBCC4402}.Debug|Any CPU.ActiveCfg = Debug|Any CPU
		{55F658F5-963A-47C0-9D0B-7629BBCC4402}.Debug|Any CPU.Build.0 = Debug|Any CPU
		{55F658F5-963A-47C0-9D0B-7629BBCC4402}.Debug|x64.ActiveCfg = Debug|Any CPU
		{55F658F5-963A-47C0-9D0B-7629BBCC4402}.Debug|x64.Build.0 = Debug|Any CPU
		{55F658F5-963A-47C0-9D0B-7629BBCC4402}.Debug|x86.ActiveCfg = Debug|Any CPU
		{55F658F5-963A-47C0-9D0B-7629BBCC4402}.Debug|x86.Build.0 = Debug|Any CPU
		{55F658F5-963A-47C0-9D0B-7629BBCC4402}.Release|Any CPU.ActiveCfg = Release|Any CPU
		{55F658F5-963A-47C0-9D0B-7629BBCC4402}.Release|Any CPU.Build.0 = Release|Any CPU
		{55F658F5-963A-47C0-9D0B-7629BBCC4402}.Release|x64.ActiveCfg = Release|Any CPU
		{55F658F5-963A-47C0-9D0B-7629BBCC4402}.Release|x64.Build.0 = Release|Any CPU
		{55F658F5-963A-47C0-9D0B-7629BBCC4402}.Release|x86.ActiveCfg = Release|Any CPU
		{55F658F5-963A-47C0-9D0B-7629BBCC4402}.Release|x86.Build.0 = Release|Any CPU
		{1D84E2DB-8517-4C0B-8DA6-A48931BE5D70}.Debug|Any CPU.ActiveCfg = Debug|Any CPU
		{1D84E2DB-8517-4C0B-8DA6-A48931BE5D70}.Debug|Any CPU.Build.0 = Debug|Any CPU
		{1D84E2DB-8517-4C0B-8DA6-A48931BE5D70}.Debug|x64.ActiveCfg = Debug|Any CPU
		{1D84E2DB-8517-4C0B-8DA6-A48931BE5D70}.Debug|x64.Build.0 = Debug|Any CPU
		{1D84E2DB-8517-4C0B-8DA6-A48931BE5D70}.Debug|x86.ActiveCfg = Debug|Any CPU
		{1D84E2DB-8517-4C0B-8DA6-A48931BE5D70}.Debug|x86.Build.0 = Debug|Any CPU
		{1D84E2DB-8517-4C0B-8DA6-A48931BE5D70}.Release|Any CPU.ActiveCfg = Release|Any CPU
		{1D84E2DB-8517-4C0B-8DA6-A48931BE5D70}.Release|Any CPU.Build.0 = Release|Any CPU
		{1D84E2DB-8517-4C0B-8DA6-A48931BE5D70}.Release|x64.ActiveCfg = Release|Any CPU
		{1D84E2DB-8517-4C0B-8DA6-A48931BE5D70}.Release|x64.Build.0 = Release|Any CPU
		{1D84E2DB-8517-4C0B-8DA6-A48931BE5D70}.Release|x86.ActiveCfg = Release|Any CPU
		{1D84E2DB-8517-4C0B-8DA6-A48931BE5D70}.Release|x86.Build.0 = Release|Any CPU
		{6F1B1649-6270-4AFF-B86F-A2125DDAFD2A}.Debug|Any CPU.ActiveCfg = Debug|Any CPU
		{6F1B1649-6270-4AFF-B86F-A2125DDAFD2A}.Debug|Any CPU.Build.0 = Debug|Any CPU
		{6F1B1649-6270-4AFF-B86F-A2125DDAFD2A}.Debug|x64.ActiveCfg = Debug|Any CPU
		{6F1B1649-6270-4AFF-B86F-A2125DDAFD2A}.Debug|x64.Build.0 = Debug|Any CPU
		{6F1B1649-6270-4AFF-B86F-A2125DDAFD2A}.Debug|x86.ActiveCfg = Debug|Any CPU
		{6F1B1649-6270-4AFF-B86F-A2125DDAFD2A}.Debug|x86.Build.0 = Debug|Any CPU
		{6F1B1649-6270-4AFF-B86F-A2125DDAFD2A}.Release|Any CPU.ActiveCfg = Release|Any CPU
		{6F1B1649-6270-4AFF-B86F-A2125DDAFD2A}.Release|Any CPU.Build.0 = Release|Any CPU
		{6F1B1649-6270-4AFF-B86F-A2125DDAFD2A}.Release|x64.ActiveCfg = Release|Any CPU
		{6F1B1649-6270-4AFF-B86F-A2125DDAFD2A}.Release|x64.Build.0 = Release|Any CPU
		{6F1B1649-6270-4AFF-B86F-A2125DDAFD2A}.Release|x86.ActiveCfg = Release|Any CPU
		{6F1B1649-6270-4AFF-B86F-A2125DDAFD2A}.Release|x86.Build.0 = Release|Any CPU
		{C7ED0559-CA2F-4526-844E-F07D3135F5FE}.Debug|Any CPU.ActiveCfg = Debug|Any CPU
		{C7ED0559-CA2F-4526-844E-F07D3135F5FE}.Debug|Any CPU.Build.0 = Debug|Any CPU
		{C7ED0559-CA2F-4526-844E-F07D3135F5FE}.Debug|x64.ActiveCfg = Debug|Any CPU
		{C7ED0559-CA2F-4526-844E-F07D3135F5FE}.Debug|x64.Build.0 = Debug|Any CPU
		{C7ED0559-CA2F-4526-844E-F07D3135F5FE}.Debug|x86.ActiveCfg = Debug|Any CPU
		{C7ED0559-CA2F-4526-844E-F07D3135F5FE}.Debug|x86.Build.0 = Debug|Any CPU
		{C7ED0559-CA2F-4526-844E-F07D3135F5FE}.Release|Any CPU.ActiveCfg = Release|Any CPU
		{C7ED0559-CA2F-4526-844E-F07D3135F5FE}.Release|Any CPU.Build.0 = Release|Any CPU
		{C7ED0559-CA2F-4526-844E-F07D3135F5FE}.Release|x64.ActiveCfg = Release|Any CPU
		{C7ED0559-CA2F-4526-844E-F07D3135F5FE}.Release|x64.Build.0 = Release|Any CPU
		{C7ED0559-CA2F-4526-844E-F07D3135F5FE}.Release|x86.ActiveCfg = Release|Any CPU
		{C7ED0559-CA2F-4526-844E-F07D3135F5FE}.Release|x86.Build.0 = Release|Any CPU
		{A316316B-45B5-468B-A754-ED44C4AEC4C6}.Debug|Any CPU.ActiveCfg = Debug|Any CPU
		{A316316B-45B5-468B-A754-ED44C4AEC4C6}.Debug|Any CPU.Build.0 = Debug|Any CPU
		{A316316B-45B5-468B-A754-ED44C4AEC4C6}.Debug|x64.ActiveCfg = Debug|Any CPU
		{A316316B-45B5-468B-A754-ED44C4AEC4C6}.Debug|x64.Build.0 = Debug|Any CPU
		{A316316B-45B5-468B-A754-ED44C4AEC4C6}.Debug|x86.ActiveCfg = Debug|Any CPU
		{A316316B-45B5-468B-A754-ED44C4AEC4C6}.Debug|x86.Build.0 = Debug|Any CPU
		{A316316B-45B5-468B-A754-ED44C4AEC4C6}.Release|Any CPU.ActiveCfg = Release|Any CPU
		{A316316B-45B5-468B-A754-ED44C4AEC4C6}.Release|Any CPU.Build.0 = Release|Any CPU
		{A316316B-45B5-468B-A754-ED44C4AEC4C6}.Release|x64.ActiveCfg = Release|Any CPU
		{A316316B-45B5-468B-A754-ED44C4AEC4C6}.Release|x64.Build.0 = Release|Any CPU
		{A316316B-45B5-468B-A754-ED44C4AEC4C6}.Release|x86.ActiveCfg = Release|Any CPU
		{A316316B-45B5-468B-A754-ED44C4AEC4C6}.Release|x86.Build.0 = Release|Any CPU
		{2635BBDF-1331-4975-9E59-BEA62885095A}.Debug|Any CPU.ActiveCfg = Debug|Any CPU
		{2635BBDF-1331-4975-9E59-BEA62885095A}.Debug|Any CPU.Build.0 = Debug|Any CPU
		{2635BBDF-1331-4975-9E59-BEA62885095A}.Debug|x64.ActiveCfg = Debug|Any CPU
		{2635BBDF-1331-4975-9E59-BEA62885095A}.Debug|x64.Build.0 = Debug|Any CPU
		{2635BBDF-1331-4975-9E59-BEA62885095A}.Debug|x86.ActiveCfg = Debug|Any CPU
		{2635BBDF-1331-4975-9E59-BEA62885095A}.Debug|x86.Build.0 = Debug|Any CPU
		{2635BBDF-1331-4975-9E59-BEA62885095A}.Release|Any CPU.ActiveCfg = Release|Any CPU
		{2635BBDF-1331-4975-9E59-BEA62885095A}.Release|Any CPU.Build.0 = Release|Any CPU
		{2635BBDF-1331-4975-9E59-BEA62885095A}.Release|x64.ActiveCfg = Release|Any CPU
		{2635BBDF-1331-4975-9E59-BEA62885095A}.Release|x64.Build.0 = Release|Any CPU
		{2635BBDF-1331-4975-9E59-BEA62885095A}.Release|x86.ActiveCfg = Release|Any CPU
		{2635BBDF-1331-4975-9E59-BEA62885095A}.Release|x86.Build.0 = Release|Any CPU
		{EF320F1A-216F-4650-9103-B56DD7F72716}.Debug|Any CPU.ActiveCfg = Debug|Any CPU
		{EF320F1A-216F-4650-9103-B56DD7F72716}.Debug|Any CPU.Build.0 = Debug|Any CPU
		{EF320F1A-216F-4650-9103-B56DD7F72716}.Debug|x64.ActiveCfg = Debug|Any CPU
		{EF320F1A-216F-4650-9103-B56DD7F72716}.Debug|x64.Build.0 = Debug|Any CPU
		{EF320F1A-216F-4650-9103-B56DD7F72716}.Debug|x86.ActiveCfg = Debug|Any CPU
		{EF320F1A-216F-4650-9103-B56DD7F72716}.Debug|x86.Build.0 = Debug|Any CPU
		{EF320F1A-216F-4650-9103-B56DD7F72716}.Release|Any CPU.ActiveCfg = Release|Any CPU
		{EF320F1A-216F-4650-9103-B56DD7F72716}.Release|Any CPU.Build.0 = Release|Any CPU
		{EF320F1A-216F-4650-9103-B56DD7F72716}.Release|x64.ActiveCfg = Release|Any CPU
		{EF320F1A-216F-4650-9103-B56DD7F72716}.Release|x64.Build.0 = Release|Any CPU
		{EF320F1A-216F-4650-9103-B56DD7F72716}.Release|x86.ActiveCfg = Release|Any CPU
		{EF320F1A-216F-4650-9103-B56DD7F72716}.Release|x86.Build.0 = Release|Any CPU
		{FE290F73-0328-420F-BEB3-35248FA16C89}.Debug|Any CPU.ActiveCfg = Debug|Any CPU
		{FE290F73-0328-420F-BEB3-35248FA16C89}.Debug|Any CPU.Build.0 = Debug|Any CPU
		{FE290F73-0328-420F-BEB3-35248FA16C89}.Debug|x64.ActiveCfg = Debug|Any CPU
		{FE290F73-0328-420F-BEB3-35248FA16C89}.Debug|x64.Build.0 = Debug|Any CPU
		{FE290F73-0328-420F-BEB3-35248FA16C89}.Debug|x86.ActiveCfg = Debug|Any CPU
		{FE290F73-0328-420F-BEB3-35248FA16C89}.Debug|x86.Build.0 = Debug|Any CPU
		{FE290F73-0328-420F-BEB3-35248FA16C89}.Release|Any CPU.ActiveCfg = Release|Any CPU
		{FE290F73-0328-420F-BEB3-35248FA16C89}.Release|Any CPU.Build.0 = Release|Any CPU
		{FE290F73-0328-420F-BEB3-35248FA16C89}.Release|x64.ActiveCfg = Release|Any CPU
		{FE290F73-0328-420F-BEB3-35248FA16C89}.Release|x64.Build.0 = Release|Any CPU
		{FE290F73-0328-420F-BEB3-35248FA16C89}.Release|x86.ActiveCfg = Release|Any CPU
		{FE290F73-0328-420F-BEB3-35248FA16C89}.Release|x86.Build.0 = Release|Any CPU
		{4871A797-FA5C-43FD-9698-5BDB289CF14F}.Debug|Any CPU.ActiveCfg = Debug|Any CPU
		{4871A797-FA5C-43FD-9698-5BDB289CF14F}.Debug|Any CPU.Build.0 = Debug|Any CPU
		{4871A797-FA5C-43FD-9698-5BDB289CF14F}.Debug|x64.ActiveCfg = Debug|Any CPU
		{4871A797-FA5C-43FD-9698-5BDB289CF14F}.Debug|x64.Build.0 = Debug|Any CPU
		{4871A797-FA5C-43FD-9698-5BDB289CF14F}.Debug|x86.ActiveCfg = Debug|Any CPU
		{4871A797-FA5C-43FD-9698-5BDB289CF14F}.Debug|x86.Build.0 = Debug|Any CPU
		{4871A797-FA5C-43FD-9698-5BDB289CF14F}.Release|Any CPU.ActiveCfg = Release|Any CPU
		{4871A797-FA5C-43FD-9698-5BDB289CF14F}.Release|Any CPU.Build.0 = Release|Any CPU
		{4871A797-FA5C-43FD-9698-5BDB289CF14F}.Release|x64.ActiveCfg = Release|Any CPU
		{4871A797-FA5C-43FD-9698-5BDB289CF14F}.Release|x64.Build.0 = Release|Any CPU
		{4871A797-FA5C-43FD-9698-5BDB289CF14F}.Release|x86.ActiveCfg = Release|Any CPU
		{4871A797-FA5C-43FD-9698-5BDB289CF14F}.Release|x86.Build.0 = Release|Any CPU
		{4E970B7D-B686-4FD4-8444-04FF2D34E171}.Debug|Any CPU.ActiveCfg = Debug|Any CPU
		{4E970B7D-B686-4FD4-8444-04FF2D34E171}.Debug|Any CPU.Build.0 = Debug|Any CPU
		{4E970B7D-B686-4FD4-8444-04FF2D34E171}.Debug|x64.ActiveCfg = Debug|Any CPU
		{4E970B7D-B686-4FD4-8444-04FF2D34E171}.Debug|x64.Build.0 = Debug|Any CPU
		{4E970B7D-B686-4FD4-8444-04FF2D34E171}.Debug|x86.ActiveCfg = Debug|Any CPU
		{4E970B7D-B686-4FD4-8444-04FF2D34E171}.Debug|x86.Build.0 = Debug|Any CPU
		{4E970B7D-B686-4FD4-8444-04FF2D34E171}.Release|Any CPU.ActiveCfg = Release|Any CPU
		{4E970B7D-B686-4FD4-8444-04FF2D34E171}.Release|Any CPU.Build.0 = Release|Any CPU
		{4E970B7D-B686-4FD4-8444-04FF2D34E171}.Release|x64.ActiveCfg = Release|Any CPU
		{4E970B7D-B686-4FD4-8444-04FF2D34E171}.Release|x64.Build.0 = Release|Any CPU
		{4E970B7D-B686-4FD4-8444-04FF2D34E171}.Release|x86.ActiveCfg = Release|Any CPU
		{4E970B7D-B686-4FD4-8444-04FF2D34E171}.Release|x86.Build.0 = Release|Any CPU
		{18A7C999-1A8B-416E-9D55-0B0967A97B42}.Debug|Any CPU.ActiveCfg = Debug|Any CPU
		{18A7C999-1A8B-416E-9D55-0B0967A97B42}.Debug|Any CPU.Build.0 = Debug|Any CPU
		{18A7C999-1A8B-416E-9D55-0B0967A97B42}.Debug|x64.ActiveCfg = Debug|Any CPU
		{18A7C999-1A8B-416E-9D55-0B0967A97B42}.Debug|x64.Build.0 = Debug|Any CPU
		{18A7C999-1A8B-416E-9D55-0B0967A97B42}.Debug|x86.ActiveCfg = Debug|Any CPU
		{18A7C999-1A8B-416E-9D55-0B0967A97B42}.Debug|x86.Build.0 = Debug|Any CPU
		{18A7C999-1A8B-416E-9D55-0B0967A97B42}.Release|Any CPU.ActiveCfg = Release|Any CPU
		{18A7C999-1A8B-416E-9D55-0B0967A97B42}.Release|Any CPU.Build.0 = Release|Any CPU
		{18A7C999-1A8B-416E-9D55-0B0967A97B42}.Release|x64.ActiveCfg = Release|Any CPU
		{18A7C999-1A8B-416E-9D55-0B0967A97B42}.Release|x64.Build.0 = Release|Any CPU
		{18A7C999-1A8B-416E-9D55-0B0967A97B42}.Release|x86.ActiveCfg = Release|Any CPU
		{18A7C999-1A8B-416E-9D55-0B0967A97B42}.Release|x86.Build.0 = Release|Any CPU
		{178AA3D4-10E1-4EC8-99E5-2EF069FFFD1E}.Debug|Any CPU.ActiveCfg = Debug|Any CPU
		{178AA3D4-10E1-4EC8-99E5-2EF069FFFD1E}.Debug|Any CPU.Build.0 = Debug|Any CPU
		{178AA3D4-10E1-4EC8-99E5-2EF069FFFD1E}.Debug|x64.ActiveCfg = Debug|Any CPU
		{178AA3D4-10E1-4EC8-99E5-2EF069FFFD1E}.Debug|x64.Build.0 = Debug|Any CPU
		{178AA3D4-10E1-4EC8-99E5-2EF069FFFD1E}.Debug|x86.ActiveCfg = Debug|Any CPU
		{178AA3D4-10E1-4EC8-99E5-2EF069FFFD1E}.Debug|x86.Build.0 = Debug|Any CPU
		{178AA3D4-10E1-4EC8-99E5-2EF069FFFD1E}.Release|Any CPU.ActiveCfg = Release|Any CPU
		{178AA3D4-10E1-4EC8-99E5-2EF069FFFD1E}.Release|Any CPU.Build.0 = Release|Any CPU
		{178AA3D4-10E1-4EC8-99E5-2EF069FFFD1E}.Release|x64.ActiveCfg = Release|Any CPU
		{178AA3D4-10E1-4EC8-99E5-2EF069FFFD1E}.Release|x64.Build.0 = Release|Any CPU
		{178AA3D4-10E1-4EC8-99E5-2EF069FFFD1E}.Release|x86.ActiveCfg = Release|Any CPU
		{178AA3D4-10E1-4EC8-99E5-2EF069FFFD1E}.Release|x86.Build.0 = Release|Any CPU
		{8D756A4E-2324-4F94-92AD-5A022F6A69F9}.Debug|Any CPU.ActiveCfg = Debug|Any CPU
		{8D756A4E-2324-4F94-92AD-5A022F6A69F9}.Debug|Any CPU.Build.0 = Debug|Any CPU
		{8D756A4E-2324-4F94-92AD-5A022F6A69F9}.Debug|x64.ActiveCfg = Debug|Any CPU
		{8D756A4E-2324-4F94-92AD-5A022F6A69F9}.Debug|x64.Build.0 = Debug|Any CPU
		{8D756A4E-2324-4F94-92AD-5A022F6A69F9}.Debug|x86.ActiveCfg = Debug|Any CPU
		{8D756A4E-2324-4F94-92AD-5A022F6A69F9}.Debug|x86.Build.0 = Debug|Any CPU
		{8D756A4E-2324-4F94-92AD-5A022F6A69F9}.Release|Any CPU.ActiveCfg = Release|Any CPU
		{8D756A4E-2324-4F94-92AD-5A022F6A69F9}.Release|Any CPU.Build.0 = Release|Any CPU
		{8D756A4E-2324-4F94-92AD-5A022F6A69F9}.Release|x64.ActiveCfg = Release|Any CPU
		{8D756A4E-2324-4F94-92AD-5A022F6A69F9}.Release|x64.Build.0 = Release|Any CPU
		{8D756A4E-2324-4F94-92AD-5A022F6A69F9}.Release|x86.ActiveCfg = Release|Any CPU
		{8D756A4E-2324-4F94-92AD-5A022F6A69F9}.Release|x86.Build.0 = Release|Any CPU
		{229640A0-7982-4605-ACC5-D1D2A12D27FB}.Debug|Any CPU.ActiveCfg = Debug|Any CPU
		{229640A0-7982-4605-ACC5-D1D2A12D27FB}.Debug|Any CPU.Build.0 = Debug|Any CPU
		{229640A0-7982-4605-ACC5-D1D2A12D27FB}.Debug|x64.ActiveCfg = Debug|Any CPU
		{229640A0-7982-4605-ACC5-D1D2A12D27FB}.Debug|x64.Build.0 = Debug|Any CPU
		{229640A0-7982-4605-ACC5-D1D2A12D27FB}.Debug|x86.ActiveCfg = Debug|Any CPU
		{229640A0-7982-4605-ACC5-D1D2A12D27FB}.Debug|x86.Build.0 = Debug|Any CPU
		{229640A0-7982-4605-ACC5-D1D2A12D27FB}.Release|Any CPU.ActiveCfg = Release|Any CPU
		{229640A0-7982-4605-ACC5-D1D2A12D27FB}.Release|Any CPU.Build.0 = Release|Any CPU
		{229640A0-7982-4605-ACC5-D1D2A12D27FB}.Release|x64.ActiveCfg = Release|Any CPU
		{229640A0-7982-4605-ACC5-D1D2A12D27FB}.Release|x64.Build.0 = Release|Any CPU
		{229640A0-7982-4605-ACC5-D1D2A12D27FB}.Release|x86.ActiveCfg = Release|Any CPU
		{229640A0-7982-4605-ACC5-D1D2A12D27FB}.Release|x86.Build.0 = Release|Any CPU
		{24A80235-A525-47BF-8DDB-A77DA00181C8}.Debug|Any CPU.ActiveCfg = Debug|Any CPU
		{24A80235-A525-47BF-8DDB-A77DA00181C8}.Debug|Any CPU.Build.0 = Debug|Any CPU
		{24A80235-A525-47BF-8DDB-A77DA00181C8}.Debug|x64.ActiveCfg = Debug|Any CPU
		{24A80235-A525-47BF-8DDB-A77DA00181C8}.Debug|x64.Build.0 = Debug|Any CPU
		{24A80235-A525-47BF-8DDB-A77DA00181C8}.Debug|x86.ActiveCfg = Debug|Any CPU
		{24A80235-A525-47BF-8DDB-A77DA00181C8}.Debug|x86.Build.0 = Debug|Any CPU
		{24A80235-A525-47BF-8DDB-A77DA00181C8}.Release|Any CPU.ActiveCfg = Release|Any CPU
		{24A80235-A525-47BF-8DDB-A77DA00181C8}.Release|Any CPU.Build.0 = Release|Any CPU
		{24A80235-A525-47BF-8DDB-A77DA00181C8}.Release|x64.ActiveCfg = Release|Any CPU
		{24A80235-A525-47BF-8DDB-A77DA00181C8}.Release|x64.Build.0 = Release|Any CPU
		{24A80235-A525-47BF-8DDB-A77DA00181C8}.Release|x86.ActiveCfg = Release|Any CPU
		{24A80235-A525-47BF-8DDB-A77DA00181C8}.Release|x86.Build.0 = Release|Any CPU
		{FF455A75-5427-4D9A-91D5-941BD825080A}.Debug|Any CPU.ActiveCfg = Debug|Any CPU
		{FF455A75-5427-4D9A-91D5-941BD825080A}.Debug|Any CPU.Build.0 = Debug|Any CPU
		{FF455A75-5427-4D9A-91D5-941BD825080A}.Debug|x64.ActiveCfg = Debug|Any CPU
		{FF455A75-5427-4D9A-91D5-941BD825080A}.Debug|x64.Build.0 = Debug|Any CPU
		{FF455A75-5427-4D9A-91D5-941BD825080A}.Debug|x86.ActiveCfg = Debug|Any CPU
		{FF455A75-5427-4D9A-91D5-941BD825080A}.Debug|x86.Build.0 = Debug|Any CPU
		{FF455A75-5427-4D9A-91D5-941BD825080A}.Release|Any CPU.ActiveCfg = Release|Any CPU
		{FF455A75-5427-4D9A-91D5-941BD825080A}.Release|Any CPU.Build.0 = Release|Any CPU
		{FF455A75-5427-4D9A-91D5-941BD825080A}.Release|x64.ActiveCfg = Release|Any CPU
		{FF455A75-5427-4D9A-91D5-941BD825080A}.Release|x64.Build.0 = Release|Any CPU
		{FF455A75-5427-4D9A-91D5-941BD825080A}.Release|x86.ActiveCfg = Release|Any CPU
		{FF455A75-5427-4D9A-91D5-941BD825080A}.Release|x86.Build.0 = Release|Any CPU
		{83F46BFC-3488-4225-BB88-A5891918A6BF}.Debug|Any CPU.ActiveCfg = Debug|Any CPU
		{83F46BFC-3488-4225-BB88-A5891918A6BF}.Debug|Any CPU.Build.0 = Debug|Any CPU
		{83F46BFC-3488-4225-BB88-A5891918A6BF}.Debug|x64.ActiveCfg = Debug|Any CPU
		{83F46BFC-3488-4225-BB88-A5891918A6BF}.Debug|x64.Build.0 = Debug|Any CPU
		{83F46BFC-3488-4225-BB88-A5891918A6BF}.Debug|x86.ActiveCfg = Debug|Any CPU
		{83F46BFC-3488-4225-BB88-A5891918A6BF}.Debug|x86.Build.0 = Debug|Any CPU
		{83F46BFC-3488-4225-BB88-A5891918A6BF}.Release|Any CPU.ActiveCfg = Release|Any CPU
		{83F46BFC-3488-4225-BB88-A5891918A6BF}.Release|Any CPU.Build.0 = Release|Any CPU
		{83F46BFC-3488-4225-BB88-A5891918A6BF}.Release|x64.ActiveCfg = Release|Any CPU
		{83F46BFC-3488-4225-BB88-A5891918A6BF}.Release|x64.Build.0 = Release|Any CPU
		{83F46BFC-3488-4225-BB88-A5891918A6BF}.Release|x86.ActiveCfg = Release|Any CPU
		{83F46BFC-3488-4225-BB88-A5891918A6BF}.Release|x86.Build.0 = Release|Any CPU
		{C51F91A1-0E0A-42BD-8694-3B53E8957AEC}.Debug|Any CPU.ActiveCfg = Debug|Any CPU
		{C51F91A1-0E0A-42BD-8694-3B53E8957AEC}.Debug|Any CPU.Build.0 = Debug|Any CPU
		{C51F91A1-0E0A-42BD-8694-3B53E8957AEC}.Debug|x64.ActiveCfg = Debug|Any CPU
		{C51F91A1-0E0A-42BD-8694-3B53E8957AEC}.Debug|x64.Build.0 = Debug|Any CPU
		{C51F91A1-0E0A-42BD-8694-3B53E8957AEC}.Debug|x86.ActiveCfg = Debug|Any CPU
		{C51F91A1-0E0A-42BD-8694-3B53E8957AEC}.Debug|x86.Build.0 = Debug|Any CPU
		{C51F91A1-0E0A-42BD-8694-3B53E8957AEC}.Release|Any CPU.ActiveCfg = Release|Any CPU
		{C51F91A1-0E0A-42BD-8694-3B53E8957AEC}.Release|Any CPU.Build.0 = Release|Any CPU
		{C51F91A1-0E0A-42BD-8694-3B53E8957AEC}.Release|x64.ActiveCfg = Release|Any CPU
		{C51F91A1-0E0A-42BD-8694-3B53E8957AEC}.Release|x64.Build.0 = Release|Any CPU
		{C51F91A1-0E0A-42BD-8694-3B53E8957AEC}.Release|x86.ActiveCfg = Release|Any CPU
		{C51F91A1-0E0A-42BD-8694-3B53E8957AEC}.Release|x86.Build.0 = Release|Any CPU
		{AC4B6486-0313-4FAE-9EF3-271FD43AF019}.Debug|Any CPU.ActiveCfg = Debug|Any CPU
		{AC4B6486-0313-4FAE-9EF3-271FD43AF019}.Debug|Any CPU.Build.0 = Debug|Any CPU
		{AC4B6486-0313-4FAE-9EF3-271FD43AF019}.Debug|x64.ActiveCfg = Debug|Any CPU
		{AC4B6486-0313-4FAE-9EF3-271FD43AF019}.Debug|x64.Build.0 = Debug|Any CPU
		{AC4B6486-0313-4FAE-9EF3-271FD43AF019}.Debug|x86.ActiveCfg = Debug|Any CPU
		{AC4B6486-0313-4FAE-9EF3-271FD43AF019}.Debug|x86.Build.0 = Debug|Any CPU
		{AC4B6486-0313-4FAE-9EF3-271FD43AF019}.Release|Any CPU.ActiveCfg = Release|Any CPU
		{AC4B6486-0313-4FAE-9EF3-271FD43AF019}.Release|Any CPU.Build.0 = Release|Any CPU
		{AC4B6486-0313-4FAE-9EF3-271FD43AF019}.Release|x64.ActiveCfg = Release|Any CPU
		{AC4B6486-0313-4FAE-9EF3-271FD43AF019}.Release|x64.Build.0 = Release|Any CPU
		{AC4B6486-0313-4FAE-9EF3-271FD43AF019}.Release|x86.ActiveCfg = Release|Any CPU
		{AC4B6486-0313-4FAE-9EF3-271FD43AF019}.Release|x86.Build.0 = Release|Any CPU
		{642CCFC8-05EF-47A1-A5E9-847AD9CF7FD8}.Debug|Any CPU.ActiveCfg = Debug|Any CPU
		{642CCFC8-05EF-47A1-A5E9-847AD9CF7FD8}.Debug|Any CPU.Build.0 = Debug|Any CPU
		{642CCFC8-05EF-47A1-A5E9-847AD9CF7FD8}.Debug|x64.ActiveCfg = Debug|Any CPU
		{642CCFC8-05EF-47A1-A5E9-847AD9CF7FD8}.Debug|x64.Build.0 = Debug|Any CPU
		{642CCFC8-05EF-47A1-A5E9-847AD9CF7FD8}.Debug|x86.ActiveCfg = Debug|Any CPU
		{642CCFC8-05EF-47A1-A5E9-847AD9CF7FD8}.Debug|x86.Build.0 = Debug|Any CPU
		{642CCFC8-05EF-47A1-A5E9-847AD9CF7FD8}.Release|Any CPU.ActiveCfg = Release|Any CPU
		{642CCFC8-05EF-47A1-A5E9-847AD9CF7FD8}.Release|Any CPU.Build.0 = Release|Any CPU
		{642CCFC8-05EF-47A1-A5E9-847AD9CF7FD8}.Release|x64.ActiveCfg = Release|Any CPU
		{642CCFC8-05EF-47A1-A5E9-847AD9CF7FD8}.Release|x64.Build.0 = Release|Any CPU
		{642CCFC8-05EF-47A1-A5E9-847AD9CF7FD8}.Release|x86.ActiveCfg = Release|Any CPU
		{642CCFC8-05EF-47A1-A5E9-847AD9CF7FD8}.Release|x86.Build.0 = Release|Any CPU
		{2E309D7C-17DE-48A8-A3E0-BA85FA5AA26A}.Debug|Any CPU.ActiveCfg = Debug|Any CPU
		{2E309D7C-17DE-48A8-A3E0-BA85FA5AA26A}.Debug|Any CPU.Build.0 = Debug|Any CPU
		{2E309D7C-17DE-48A8-A3E0-BA85FA5AA26A}.Debug|x64.ActiveCfg = Debug|Any CPU
		{2E309D7C-17DE-48A8-A3E0-BA85FA5AA26A}.Debug|x64.Build.0 = Debug|Any CPU
		{2E309D7C-17DE-48A8-A3E0-BA85FA5AA26A}.Debug|x86.ActiveCfg = Debug|Any CPU
		{2E309D7C-17DE-48A8-A3E0-BA85FA5AA26A}.Debug|x86.Build.0 = Debug|Any CPU
		{2E309D7C-17DE-48A8-A3E0-BA85FA5AA26A}.Release|Any CPU.ActiveCfg = Release|Any CPU
		{2E309D7C-17DE-48A8-A3E0-BA85FA5AA26A}.Release|Any CPU.Build.0 = Release|Any CPU
		{2E309D7C-17DE-48A8-A3E0-BA85FA5AA26A}.Release|x64.ActiveCfg = Release|Any CPU
		{2E309D7C-17DE-48A8-A3E0-BA85FA5AA26A}.Release|x64.Build.0 = Release|Any CPU
		{2E309D7C-17DE-48A8-A3E0-BA85FA5AA26A}.Release|x86.ActiveCfg = Release|Any CPU
		{2E309D7C-17DE-48A8-A3E0-BA85FA5AA26A}.Release|x86.Build.0 = Release|Any CPU
		{9E4CC7E8-1981-4D66-8685-E648B10A3C31}.Debug|Any CPU.ActiveCfg = Debug|Any CPU
		{9E4CC7E8-1981-4D66-8685-E648B10A3C31}.Debug|Any CPU.Build.0 = Debug|Any CPU
		{9E4CC7E8-1981-4D66-8685-E648B10A3C31}.Debug|x64.ActiveCfg = Debug|Any CPU
		{9E4CC7E8-1981-4D66-8685-E648B10A3C31}.Debug|x64.Build.0 = Debug|Any CPU
		{9E4CC7E8-1981-4D66-8685-E648B10A3C31}.Debug|x86.ActiveCfg = Debug|Any CPU
		{9E4CC7E8-1981-4D66-8685-E648B10A3C31}.Debug|x86.Build.0 = Debug|Any CPU
		{9E4CC7E8-1981-4D66-8685-E648B10A3C31}.Release|Any CPU.ActiveCfg = Release|Any CPU
		{9E4CC7E8-1981-4D66-8685-E648B10A3C31}.Release|Any CPU.Build.0 = Release|Any CPU
		{9E4CC7E8-1981-4D66-8685-E648B10A3C31}.Release|x64.ActiveCfg = Release|Any CPU
		{9E4CC7E8-1981-4D66-8685-E648B10A3C31}.Release|x64.Build.0 = Release|Any CPU
		{9E4CC7E8-1981-4D66-8685-E648B10A3C31}.Release|x86.ActiveCfg = Release|Any CPU
		{9E4CC7E8-1981-4D66-8685-E648B10A3C31}.Release|x86.Build.0 = Release|Any CPU
		{3E9876EB-709E-4C26-A526-DCFA6B54F70A}.Debug|Any CPU.ActiveCfg = Debug|Any CPU
		{3E9876EB-709E-4C26-A526-DCFA6B54F70A}.Debug|Any CPU.Build.0 = Debug|Any CPU
		{3E9876EB-709E-4C26-A526-DCFA6B54F70A}.Debug|x64.ActiveCfg = Debug|Any CPU
		{3E9876EB-709E-4C26-A526-DCFA6B54F70A}.Debug|x64.Build.0 = Debug|Any CPU
		{3E9876EB-709E-4C26-A526-DCFA6B54F70A}.Debug|x86.ActiveCfg = Debug|Any CPU
		{3E9876EB-709E-4C26-A526-DCFA6B54F70A}.Debug|x86.Build.0 = Debug|Any CPU
		{3E9876EB-709E-4C26-A526-DCFA6B54F70A}.Release|Any CPU.ActiveCfg = Release|Any CPU
		{3E9876EB-709E-4C26-A526-DCFA6B54F70A}.Release|Any CPU.Build.0 = Release|Any CPU
		{3E9876EB-709E-4C26-A526-DCFA6B54F70A}.Release|x64.ActiveCfg = Release|Any CPU
		{3E9876EB-709E-4C26-A526-DCFA6B54F70A}.Release|x64.Build.0 = Release|Any CPU
		{3E9876EB-709E-4C26-A526-DCFA6B54F70A}.Release|x86.ActiveCfg = Release|Any CPU
		{3E9876EB-709E-4C26-A526-DCFA6B54F70A}.Release|x86.Build.0 = Release|Any CPU
		{140CDC04-3459-4AE4-91AE-3263AE6998FA}.Debug|Any CPU.ActiveCfg = Debug|Any CPU
		{140CDC04-3459-4AE4-91AE-3263AE6998FA}.Debug|Any CPU.Build.0 = Debug|Any CPU
		{140CDC04-3459-4AE4-91AE-3263AE6998FA}.Debug|x64.ActiveCfg = Debug|Any CPU
		{140CDC04-3459-4AE4-91AE-3263AE6998FA}.Debug|x64.Build.0 = Debug|Any CPU
		{140CDC04-3459-4AE4-91AE-3263AE6998FA}.Debug|x86.ActiveCfg = Debug|Any CPU
		{140CDC04-3459-4AE4-91AE-3263AE6998FA}.Debug|x86.Build.0 = Debug|Any CPU
		{140CDC04-3459-4AE4-91AE-3263AE6998FA}.Release|Any CPU.ActiveCfg = Release|Any CPU
		{140CDC04-3459-4AE4-91AE-3263AE6998FA}.Release|Any CPU.Build.0 = Release|Any CPU
		{140CDC04-3459-4AE4-91AE-3263AE6998FA}.Release|x64.ActiveCfg = Release|Any CPU
		{140CDC04-3459-4AE4-91AE-3263AE6998FA}.Release|x64.Build.0 = Release|Any CPU
		{140CDC04-3459-4AE4-91AE-3263AE6998FA}.Release|x86.ActiveCfg = Release|Any CPU
		{140CDC04-3459-4AE4-91AE-3263AE6998FA}.Release|x86.Build.0 = Release|Any CPU
		{303A60B9-0482-401D-9216-33230A1F5E23}.Debug|Any CPU.ActiveCfg = Debug|Any CPU
		{303A60B9-0482-401D-9216-33230A1F5E23}.Debug|Any CPU.Build.0 = Debug|Any CPU
		{303A60B9-0482-401D-9216-33230A1F5E23}.Debug|x64.ActiveCfg = Debug|Any CPU
		{303A60B9-0482-401D-9216-33230A1F5E23}.Debug|x64.Build.0 = Debug|Any CPU
		{303A60B9-0482-401D-9216-33230A1F5E23}.Debug|x86.ActiveCfg = Debug|Any CPU
		{303A60B9-0482-401D-9216-33230A1F5E23}.Debug|x86.Build.0 = Debug|Any CPU
		{303A60B9-0482-401D-9216-33230A1F5E23}.Release|Any CPU.ActiveCfg = Release|Any CPU
		{303A60B9-0482-401D-9216-33230A1F5E23}.Release|Any CPU.Build.0 = Release|Any CPU
		{303A60B9-0482-401D-9216-33230A1F5E23}.Release|x64.ActiveCfg = Release|Any CPU
		{303A60B9-0482-401D-9216-33230A1F5E23}.Release|x64.Build.0 = Release|Any CPU
		{303A60B9-0482-401D-9216-33230A1F5E23}.Release|x86.ActiveCfg = Release|Any CPU
		{303A60B9-0482-401D-9216-33230A1F5E23}.Release|x86.Build.0 = Release|Any CPU
	EndGlobalSection
	GlobalSection(SolutionProperties) = preSolution
		HideSolutionNode = FALSE
	EndGlobalSection
	GlobalSection(NestedProjects) = preSolution
		{64D6CA14-029A-7BC3-5F47-A91DDCEB63D8} = {827E0CD3-B72D-47B6-A68D-7590B98EB39B}
		{8D756A4E-2324-4F94-92AD-5A022F6A69F9} = {64D6CA14-029A-7BC3-5F47-A91DDCEB63D8}
		{229640A0-7982-4605-ACC5-D1D2A12D27FB} = {64D6CA14-029A-7BC3-5F47-A91DDCEB63D8}
		{24A80235-A525-47BF-8DDB-A77DA00181C8} = {64D6CA14-029A-7BC3-5F47-A91DDCEB63D8}
		{FF455A75-5427-4D9A-91D5-941BD825080A} = {64D6CA14-029A-7BC3-5F47-A91DDCEB63D8}
		{83F46BFC-3488-4225-BB88-A5891918A6BF} = {64D6CA14-029A-7BC3-5F47-A91DDCEB63D8}
		{C51F91A1-0E0A-42BD-8694-3B53E8957AEC} = {64D6CA14-029A-7BC3-5F47-A91DDCEB63D8}
		{AC4B6486-0313-4FAE-9EF3-271FD43AF019} = {64D6CA14-029A-7BC3-5F47-A91DDCEB63D8}
		{642CCFC8-05EF-47A1-A5E9-847AD9CF7FD8} = {64D6CA14-029A-7BC3-5F47-A91DDCEB63D8}
		{2E309D7C-17DE-48A8-A3E0-BA85FA5AA26A} = {64D6CA14-029A-7BC3-5F47-A91DDCEB63D8}
		{9E4CC7E8-1981-4D66-8685-E648B10A3C31} = {64D6CA14-029A-7BC3-5F47-A91DDCEB63D8}
		{3E9876EB-709E-4C26-A526-DCFA6B54F70A} = {64D6CA14-029A-7BC3-5F47-A91DDCEB63D8}
		{140CDC04-3459-4AE4-91AE-3263AE6998FA} = {64D6CA14-029A-7BC3-5F47-A91DDCEB63D8}
		{432C9FE6-191E-41AD-8ED4-430A4EE34B8E} = {827E0CD3-B72D-47B6-A68D-7590B98EB39B}
		{3D6665B7-8051-A8F1-E9B8-0001FF66731B} = {432C9FE6-191E-41AD-8ED4-430A4EE34B8E}
		{303A60B9-0482-401D-9216-33230A1F5E23} = {3D6665B7-8051-A8F1-E9B8-0001FF66731B}
	EndGlobalSection
	GlobalSection(ExtensibilityGlobals) = postSolution
		SolutionGuid = {FB506607-7015-46D2-A983-5905B63EA6D9}
	EndGlobalSection
EndGlobal
