
Microsoft Visual Studio Solution File, Format Version 12.00
# Visual Studio Version 17
VisualStudioVersion = 17.0.31903.59
MinimumVisualStudioVersion = 10.0.40219.1
Project("{2150E333-8FDC-42A3-9474-1A3956D46DE8}") = "apps", "apps", "{1787FE1D-075E-9E68-7218-25F1BD1BBEAB}"
EndProject
Project("{FAE04EC0-301F-11D3-BF4B-00C04F79EFBC}") = "SuffixTree.Benchmarks", "apps\SuffixTree.Benchmarks\SuffixTree.Benchmarks.csproj", "{BAA01B48-A979-46AF-A4E1-3ACE1595C627}"
EndProject
Project("{2150E333-8FDC-42A3-9474-1A3956D46DE8}") = "src", "src", "{827E0CD3-B72D-47B6-A68D-7590B98EB39B}"
EndProject
Project("{2150E333-8FDC-42A3-9474-1A3956D46DE8}") = "SuffixTree", "SuffixTree", "{432C9FE6-191E-41AD-8ED4-430A4EE34B8E}"
EndProject
Project("{2150E333-8FDC-42A3-9474-1A3956D46DE8}") = "Algorithms", "Algorithms", "{3D6665B7-8051-A8F1-E9B8-0001FF66731B}"
EndProject
Project("{FAE04EC0-301F-11D3-BF4B-00C04F79EFBC}") = "SuffixTree", "src\SuffixTree\Algorithms\SuffixTree\SuffixTree.csproj", "{AE8174F5-2D12-49BB-9ED6-5F04610D8576}"
EndProject
Project("{FAE04EC0-301F-11D3-BF4B-00C04F79EFBC}") = "SuffixTree.Core", "src\SuffixTree\Algorithms\SuffixTree.Core\SuffixTree.Core.csproj", "{3F9A2F7D-CCD8-43B6-9BDC-6B2AD4F57951}"
EndProject
Project("{2150E333-8FDC-42A3-9474-1A3956D46DE8}") = "Seqeron", "Seqeron", "{64D6CA14-029A-7BC3-5F47-A91DDCEB63D8}"
EndProject
Project("{2150E333-8FDC-42A3-9474-1A3956D46DE8}") = "Algorithms", "Algorithms", "{CABEE6A7-1AC0-E781-A608-BB0742260772}"
EndProject
Project("{FAE04EC0-301F-11D3-BF4B-00C04F79EFBC}") = "Seqeron.Genomics", "src\Seqeron\Algorithms\Seqeron.Genomics\Seqeron.Genomics.csproj", "{DBD60805-0959-4D36-9785-A236575572B9}"
EndProject
Project("{FAE04EC0-301F-11D3-BF4B-00C04F79EFBC}") = "Seqeron.Genomics.Infrastructure", "src\Seqeron\Algorithms\Seqeron.Genomics.Infrastructure\Seqeron.Genomics.Infrastructure.csproj", "{46FA380C-331A-4931-A717-6314AD75DA51}"
EndProject
Project("{FAE04EC0-301F-11D3-BF4B-00C04F79EFBC}") = "Seqeron.Genomics.Core", "src\Seqeron\Algorithms\Seqeron.Genomics.Core\Seqeron.Genomics.Core.csproj", "{B6C4993D-9A03-4DBE-B506-44A0F06ECDAC}"
EndProject
Project("{FAE04EC0-301F-11D3-BF4B-00C04F79EFBC}") = "Seqeron.Genomics.IO", "src\Seqeron\Algorithms\Seqeron.Genomics.IO\Seqeron.Genomics.IO.csproj", "{0EFF1269-0909-4904-A6D2-7EF9FDDAD74E}"
EndProject
Project("{FAE04EC0-301F-11D3-BF4B-00C04F79EFBC}") = "Seqeron.Genomics.Alignment", "src\Seqeron\Algorithms\Seqeron.Genomics.Alignment\Seqeron.Genomics.Alignment.csproj", "{6F846F74-8C68-4DA6-9285-7ADEE77CD114}"
EndProject
Project("{FAE04EC0-301F-11D3-BF4B-00C04F79EFBC}") = "Seqeron.Genomics.Analysis", "src\Seqeron\Algorithms\Seqeron.Genomics.Analysis\Seqeron.Genomics.Analysis.csproj", "{8E4B1DFE-2D0A-4437-9ED7-2451569A245B}"
EndProject
Project("{FAE04EC0-301F-11D3-BF4B-00C04F79EFBC}") = "Seqeron.Genomics.Annotation", "src\Seqeron\Algorithms\Seqeron.Genomics.Annotation\Seqeron.Genomics.Annotation.csproj", "{D473E44C-3408-47C4-A384-4183E283FDE5}"
EndProject
Project("{FAE04EC0-301F-11D3-BF4B-00C04F79EFBC}") = "Seqeron.Genomics.Phylogenetics", "src\Seqeron\Algorithms\Seqeron.Genomics.Phylogenetics\Seqeron.Genomics.Phylogenetics.csproj", "{A23F5565-A632-4204-8982-6869C3B667A8}"
EndProject
Project("{FAE04EC0-301F-11D3-BF4B-00C04F79EFBC}") = "Seqeron.Genomics.Population", "src\Seqeron\Algorithms\Seqeron.Genomics.Population\Seqeron.Genomics.Population.csproj", "{79B8EE95-6A8F-4496-BB8C-AA8982B64812}"
EndProject
Project("{FAE04EC0-301F-11D3-BF4B-00C04F79EFBC}") = "Seqeron.Genomics.Metagenomics", "src\Seqeron\Algorithms\Seqeron.Genomics.Metagenomics\Seqeron.Genomics.Metagenomics.csproj", "{292B688E-B5D9-431F-BE48-4206C8C9EDF7}"
EndProject
Project("{FAE04EC0-301F-11D3-BF4B-00C04F79EFBC}") = "Seqeron.Genomics.MolTools", "src\Seqeron\Algorithms\Seqeron.Genomics.MolTools\Seqeron.Genomics.MolTools.csproj", "{ABB11140-289F-4C79-B17E-C79A8390769E}"
EndProject
Project("{FAE04EC0-301F-11D3-BF4B-00C04F79EFBC}") = "Seqeron.Genomics.Chromosome", "src\Seqeron\Algorithms\Seqeron.Genomics.Chromosome\Seqeron.Genomics.Chromosome.csproj", "{9C761EEC-EA29-41FD-9878-E8B3F76DCC0A}"
EndProject
Project("{FAE04EC0-301F-11D3-BF4B-00C04F79EFBC}") = "Seqeron.Genomics.Reports", "src\Seqeron\Algorithms\Seqeron.Genomics.Reports\Seqeron.Genomics.Reports.csproj", "{BB4AE452-14EC-45F6-8DC6-B7A005AF860A}"
EndProject
Project("{FAE04EC0-301F-11D3-BF4B-00C04F79EFBC}") = "SuffixTree.Persistent", "src\SuffixTree\Algorithms\SuffixTree.Persistent\SuffixTree.Persistent.csproj", "{EED30E50-4707-4E31-B6C5-CD763FE0ECD2}"
EndProject
Project("{FAE04EC0-301F-11D3-BF4B-00C04F79EFBC}") = "SuffixTree.Console", "apps\SuffixTree.Console\SuffixTree.Console.csproj", "{5D47A8DC-E1F9-4D8A-94FE-713BE784320F}"
EndProject
Project("{FAE04EC0-301F-11D3-BF4B-00C04F79EFBC}") = "Seqeron.Genomics.Oncology", "src\Seqeron\Algorithms\Seqeron.Genomics.Oncology\Seqeron.Genomics.Oncology.csproj", "{9F3951CE-7391-4C2F-994A-856F39177FE5}"
EndProject
Project("{2150E333-8FDC-42A3-9474-1A3956D46DE8}") = "Mcp", "Mcp", "{408F6CE1-76CC-6E38-F2D8-CFFF44A05B09}"
EndProject
Project("{FAE04EC0-301F-11D3-BF4B-00C04F79EFBC}") = "Seqeron.Mcp.Alignment", "src\Seqeron\Mcp\Seqeron.Mcp.Alignment\Seqeron.Mcp.Alignment.csproj", "{0692263A-8C16-4E8B-A37F-715B766B21EC}"
EndProject
Project("{FAE04EC0-301F-11D3-BF4B-00C04F79EFBC}") = "Seqeron.Mcp.Analysis", "src\Seqeron\Mcp\Seqeron.Mcp.Analysis\Seqeron.Mcp.Analysis.csproj", "{AECF0097-9379-4A5F-B490-0A2FDA8303D5}"
EndProject
Project("{FAE04EC0-301F-11D3-BF4B-00C04F79EFBC}") = "Seqeron.Mcp.Annotation", "src\Seqeron\Mcp\Seqeron.Mcp.Annotation\Seqeron.Mcp.Annotation.csproj", "{1EFC10D4-2D8A-4701-B6B2-E0D0A836CFDF}"
EndProject
Project("{FAE04EC0-301F-11D3-BF4B-00C04F79EFBC}") = "Seqeron.Mcp.Chromosome", "src\Seqeron\Mcp\Seqeron.Mcp.Chromosome\Seqeron.Mcp.Chromosome.csproj", "{03943D9F-6251-4AB6-8F1E-035C2B5ED20B}"
EndProject
Project("{FAE04EC0-301F-11D3-BF4B-00C04F79EFBC}") = "Seqeron.Mcp.Metagenomics", "src\Seqeron\Mcp\Seqeron.Mcp.Metagenomics\Seqeron.Mcp.Metagenomics.csproj", "{ABEFE026-230C-417B-8805-E29B2DF27A5A}"
EndProject
Project("{FAE04EC0-301F-11D3-BF4B-00C04F79EFBC}") = "Seqeron.Mcp.MolTools", "src\Seqeron\Mcp\Seqeron.Mcp.MolTools\Seqeron.Mcp.MolTools.csproj", "{6758B1A1-035C-4738-953A-D45D3861D886}"
EndProject
Project("{FAE04EC0-301F-11D3-BF4B-00C04F79EFBC}") = "Seqeron.Mcp.Parsers", "src\Seqeron\Mcp\Seqeron.Mcp.Parsers\Seqeron.Mcp.Parsers.csproj", "{BBCE4881-F8C6-4EE5-ABA2-71C726560A3D}"
EndProject
Project("{FAE04EC0-301F-11D3-BF4B-00C04F79EFBC}") = "Seqeron.Mcp.Phylogenetics", "src\Seqeron\Mcp\Seqeron.Mcp.Phylogenetics\Seqeron.Mcp.Phylogenetics.csproj", "{9332E014-DB03-4CC2-8B65-8FF44C7708DC}"
EndProject
Project("{FAE04EC0-301F-11D3-BF4B-00C04F79EFBC}") = "Seqeron.Mcp.Population", "src\Seqeron\Mcp\Seqeron.Mcp.Population\Seqeron.Mcp.Population.csproj", "{1A7448D7-F81A-450A-84FB-3A0513FDD532}"
EndProject
Project("{FAE04EC0-301F-11D3-BF4B-00C04F79EFBC}") = "Seqeron.Mcp.Sequence", "src\Seqeron\Mcp\Seqeron.Mcp.Sequence\Seqeron.Mcp.Sequence.csproj", "{551616FE-EF79-4EE4-9033-95064DBE3E01}"
EndProject
Project("{2150E333-8FDC-42A3-9474-1A3956D46DE8}") = "Mcp", "Mcp", "{5A1393B7-F5FF-570E-3753-ADBF48F6DCAF}"
EndProject
Project("{FAE04EC0-301F-11D3-BF4B-00C04F79EFBC}") = "SuffixTree.Mcp.Core", "src\SuffixTree\Mcp\SuffixTree.Mcp.Core\SuffixTree.Mcp.Core.csproj", "{A9EBDCC6-78BC-4D3A-877D-6B960AB72BE9}"
EndProject
Project("{2150E333-8FDC-42A3-9474-1A3956D46DE8}") = "tests", "tests", "{0AB3BF05-4346-4AA6-1389-037BE0695223}"
EndProject
Project("{2150E333-8FDC-42A3-9474-1A3956D46DE8}") = "Seqeron", "Seqeron", "{D57C21C6-7CF4-160C-7FFF-8651A26780EE}"
EndProject
Project("{FAE04EC0-301F-11D3-BF4B-00C04F79EFBC}") = "Seqeron.Genomics.Tests", "tests\Seqeron\Seqeron.Genomics.Tests\Seqeron.Genomics.Tests.csproj", "{D5B12A01-F838-45D9-A6A3-A30A2B1A6927}"
EndProject
Project("{FAE04EC0-301F-11D3-BF4B-00C04F79EFBC}") = "Seqeron.Mcp.Alignment.Tests", "tests\Seqeron\Seqeron.Mcp.Alignment.Tests\Seqeron.Mcp.Alignment.Tests.csproj", "{45A13CEC-9955-4108-B94C-E35D3E341C8A}"
EndProject
Project("{FAE04EC0-301F-11D3-BF4B-00C04F79EFBC}") = "Seqeron.Mcp.Analysis.Tests", "tests\Seqeron\Seqeron.Mcp.Analysis.Tests\Seqeron.Mcp.Analysis.Tests.csproj", "{664698BB-D8A0-45DC-AA83-7E3726DA270C}"
EndProject
Project("{FAE04EC0-301F-11D3-BF4B-00C04F79EFBC}") = "Seqeron.Mcp.Annotation.Tests", "tests\Seqeron\Seqeron.Mcp.Annotation.Tests\Seqeron.Mcp.Annotation.Tests.csproj", "{ABE22AE3-D2AF-41A8-A252-F048004EB4FA}"
EndProject
Project("{FAE04EC0-301F-11D3-BF4B-00C04F79EFBC}") = "Seqeron.Mcp.Chromosome.Tests", "tests\Seqeron\Seqeron.Mcp.Chromosome.Tests\Seqeron.Mcp.Chromosome.Tests.csproj", "{A0F15C07-C319-4730-B179-73EDC6E864B5}"
EndProject
Project("{FAE04EC0-301F-11D3-BF4B-00C04F79EFBC}") = "Seqeron.Mcp.Metagenomics.Tests", "tests\Seqeron\Seqeron.Mcp.Metagenomics.Tests\Seqeron.Mcp.Metagenomics.Tests.csproj", "{665AA044-1A25-49F8-B940-4DFEF0013438}"
EndProject
Project("{FAE04EC0-301F-11D3-BF4B-00C04F79EFBC}") = "Seqeron.Mcp.MolTools.Tests", "tests\Seqeron\Seqeron.Mcp.MolTools.Tests\Seqeron.Mcp.MolTools.Tests.csproj", "{23D51680-9EDD-42C3-98D7-AB71986FEC0D}"
EndProject
Project("{FAE04EC0-301F-11D3-BF4B-00C04F79EFBC}") = "Seqeron.Mcp.Parsers.Tests", "tests\Seqeron\Seqeron.Mcp.Parsers.Tests\Seqeron.Mcp.Parsers.Tests.csproj", "{DC30CAE2-C9D7-4C48-B310-2E6F226091E0}"
EndProject
Project("{FAE04EC0-301F-11D3-BF4B-00C04F79EFBC}") = "Seqeron.Mcp.Phylogenetics.Tests", "tests\Seqeron\Seqeron.Mcp.Phylogenetics.Tests\Seqeron.Mcp.Phylogenetics.Tests.csproj", "{24DBC8F1-E428-4DE0-9292-71E55840FAB2}"
EndProject
Project("{FAE04EC0-301F-11D3-BF4B-00C04F79EFBC}") = "Seqeron.Mcp.Population.Tests", "tests\Seqeron\Seqeron.Mcp.Population.Tests\Seqeron.Mcp.Population.Tests.csproj", "{3A96C02C-27E4-42B1-BEF2-088BFD9C7539}"
EndProject
Project("{FAE04EC0-301F-11D3-BF4B-00C04F79EFBC}") = "Seqeron.Mcp.Sequence.Tests", "tests\Seqeron\Seqeron.Mcp.Sequence.Tests\Seqeron.Mcp.Sequence.Tests.csproj", "{DBBD8622-46D9-408E-9735-F8EF38E6F013}"
EndProject
Project("{2150E333-8FDC-42A3-9474-1A3956D46DE8}") = "SuffixTree", "SuffixTree", "{2837F60A-79D7-4DAD-79C8-0CEBDFCA8D40}"
EndProject
Project("{FAE04EC0-301F-11D3-BF4B-00C04F79EFBC}") = "SuffixTree.Mcp.Core.Tests", "tests\SuffixTree\SuffixTree.Mcp.Core.Tests\SuffixTree.Mcp.Core.Tests.csproj", "{558EF514-535C-4C26-A701-D97FEE01B6AD}"
EndProject
Project("{FAE04EC0-301F-11D3-BF4B-00C04F79EFBC}") = "SuffixTree.Persistent.Tests", "tests\SuffixTree\SuffixTree.Persistent.Tests\SuffixTree.Persistent.Tests.csproj", "{344D23FA-D545-439B-9E12-5FCBCAC0BDCD}"
EndProject
Project("{FAE04EC0-301F-11D3-BF4B-00C04F79EFBC}") = "SuffixTree.Tests", "tests\SuffixTree\SuffixTree.Tests\SuffixTree.Tests.csproj", "{2E9DC434-ABC0-4293-B365-D0313D565D20}"
EndProject
Project("{FAE04EC0-301F-11D3-BF4B-00C04F79EFBC}") = "Seqeron.Mcp.Tests.Contracts", "tests\Seqeron\Seqeron.Mcp.Tests.Contracts\Seqeron.Mcp.Tests.Contracts.csproj", "{D175AE9C-12E9-46EE-8F1B-449019EC41C3}"
EndProject
Global
	GlobalSection(SolutionConfigurationPlatforms) = preSolution
		Debug|Any CPU = Debug|Any CPU
		Debug|x64 = Debug|x64
		Debug|x86 = Debug|x86
		Release|Any CPU = Release|Any CPU
		Release|x64 = Release|x64
		Release|x86 = Release|x86
	EndGlobalSection
	GlobalSection(ProjectConfigurationPlatforms) = postSolution
		{BAA01B48-A979-46AF-A4E1-3ACE1595C627}.Debug|Any CPU.ActiveCfg = Debug|Any CPU
		{BAA01B48-A979-46AF-A4E1-3ACE1595C627}.Debug|Any CPU.Build.0 = Debug|Any CPU
		{BAA01B48-A979-46AF-A4E1-3ACE1595C627}.Debug|x64.ActiveCfg = Debug|Any CPU
		{BAA01B48-A979-46AF-A4E1-3ACE1595C627}.Debug|x64.Build.0 = Debug|Any CPU
		{BAA01B48-A979-46AF-A4E1-3ACE1595C627}.Debug|x86.ActiveCfg = Debug|Any CPU
		{BAA01B48-A979-46AF-A4E1-3ACE1595C627}.Debug|x86.Build.0 = Debug|Any CPU
		{BAA01B48-A979-46AF-A4E1-3ACE1595C627}.Release|Any CPU.ActiveCfg = Release|Any CPU
		{BAA01B48-A979-46AF-A4E1-3ACE1595C627}.Release|Any CPU.Build.0 = Release|Any CPU
		{BAA01B48-A979-46AF-A4E1-3ACE1595C627}.Release|x64.ActiveCfg = Release|Any CPU
		{BAA01B48-A979-46AF-A4E1-3ACE1595C627}.Release|x64.Build.0 = Release|Any CPU
		{BAA01B48-A979-46AF-A4E1-3ACE1595C627}.Release|x86.ActiveCfg = Release|Any CPU
		{BAA01B48-A979-46AF-A4E1-3ACE1595C627}.Release|x86.Build.0 = Release|Any CPU
		{AE8174F5-2D12-49BB-9ED6-5F04610D8576}.Debug|Any CPU.ActiveCfg = Debug|Any CPU
		{AE8174F5-2D12-49BB-9ED6-5F04610D8576}.Debug|Any CPU.Build.0 = Debug|Any CPU
		{AE8174F5-2D12-49BB-9ED6-5F04610D8576}.Debug|x64.ActiveCfg = Debug|Any CPU
		{AE8174F5-2D12-49BB-9ED6-5F04610D8576}.Debug|x64.Build.0 = Debug|Any CPU
		{AE8174F5-2D12-49BB-9ED6-5F04610D8576}.Debug|x86.ActiveCfg = Debug|Any CPU
		{AE8174F5-2D12-49BB-9ED6-5F04610D8576}.Debug|x86.Build.0 = Debug|Any CPU
		{AE8174F5-2D12-49BB-9ED6-5F04610D8576}.Release|Any CPU.ActiveCfg = Release|Any CPU
		{AE8174F5-2D12-49BB-9ED6-5F04610D8576}.Release|Any CPU.Build.0 = Release|Any CPU
		{AE8174F5-2D12-49BB-9ED6-5F04610D8576}.Release|x64.ActiveCfg = Release|Any CPU
		{AE8174F5-2D12-49BB-9ED6-5F04610D8576}.Release|x64.Build.0 = Release|Any CPU
		{AE8174F5-2D12-49BB-9ED6-5F04610D8576}.Release|x86.ActiveCfg = Release|Any CPU
		{AE8174F5-2D12-49BB-9ED6-5F04610D8576}.Release|x86.Build.0 = Release|Any CPU
		{3F9A2F7D-CCD8-43B6-9BDC-6B2AD4F57951}.Debug|Any CPU.ActiveCfg = Debug|Any CPU
		{3F9A2F7D-CCD8-43B6-9BDC-6B2AD4F57951}.Debug|Any CPU.Build.0 = Debug|Any CPU
		{3F9A2F7D-CCD8-43B6-9BDC-6B2AD4F57951}.Debug|x64.ActiveCfg = Debug|Any CPU
		{3F9A2F7D-CCD8-43B6-9BDC-6B2AD4F57951}.Debug|x64.Build.0 = Debug|Any CPU
		{3F9A2F7D-CCD8-43B6-9BDC-6B2AD4F57951}.Debug|x86.ActiveCfg = Debug|Any CPU
		{3F9A2F7D-CCD8-43B6-9BDC-6B2AD4F57951}.Debug|x86.Build.0 = Debug|Any CPU
		{3F9A2F7D-CCD8-43B6-9BDC-6B2AD4F57951}.Release|Any CPU.ActiveCfg = Release|Any CPU
		{3F9A2F7D-CCD8-43B6-9BDC-6B2AD4F57951}.Release|Any CPU.Build.0 = Release|Any CPU
		{3F9A2F7D-CCD8-43B6-9BDC-6B2AD4F57951}.Release|x64.ActiveCfg = Release|Any CPU
		{3F9A2F7D-CCD8-43B6-9BDC-6B2AD4F57951}.Release|x64.Build.0 = Release|Any CPU
		{3F9A2F7D-CCD8-43B6-9BDC-6B2AD4F57951}.Release|x86.ActiveCfg = Release|Any CPU
		{3F9A2F7D-CCD8-43B6-9BDC-6B2AD4F57951}.Release|x86.Build.0 = Release|Any CPU
		{DBD60805-0959-4D36-9785-A236575572B9}.Debug|Any CPU.ActiveCfg = Debug|Any CPU
		{DBD60805-0959-4D36-9785-A236575572B9}.Debug|Any CPU.Build.0 = Debug|Any CPU
		{DBD60805-0959-4D36-9785-A236575572B9}.Debug|x64.ActiveCfg = Debug|Any CPU
		{DBD60805-0959-4D36-9785-A236575572B9}.Debug|x64.Build.0 = Debug|Any CPU
		{DBD60805-0959-4D36-9785-A236575572B9}.Debug|x86.ActiveCfg = Debug|Any CPU
		{DBD60805-0959-4D36-9785-A236575572B9}.Debug|x86.Build.0 = Debug|Any CPU
		{DBD60805-0959-4D36-9785-A236575572B9}.Release|Any CPU.ActiveCfg = Release|Any CPU
		{DBD60805-0959-4D36-9785-A236575572B9}.Release|Any CPU.Build.0 = Release|Any CPU
		{DBD60805-0959-4D36-9785-A236575572B9}.Release|x64.ActiveCfg = Release|Any CPU
		{DBD60805-0959-4D36-9785-A236575572B9}.Release|x64.Build.0 = Release|Any CPU
		{DBD60805-0959-4D36-9785-A236575572B9}.Release|x86.ActiveCfg = Release|Any CPU
		{DBD60805-0959-4D36-9785-A236575572B9}.Release|x86.Build.0 = Release|Any CPU
		{46FA380C-331A-4931-A717-6314AD75DA51}.Debug|Any CPU.ActiveCfg = Debug|Any CPU
		{46FA380C-331A-4931-A717-6314AD75DA51}.Debug|Any CPU.Build.0 = Debug|Any CPU
		{46FA380C-331A-4931-A717-6314AD75DA51}.Debug|x64.ActiveCfg = Debug|Any CPU
		{46FA380C-331A-4931-A717-6314AD75DA51}.Debug|x64.Build.0 = Debug|Any CPU
		{46FA380C-331A-4931-A717-6314AD75DA51}.Debug|x86.ActiveCfg = Debug|Any CPU
		{46FA380C-331A-4931-A717-6314AD75DA51}.Debug|x86.Build.0 = Debug|Any CPU
		{46FA380C-331A-4931-A717-6314AD75DA51}.Release|Any CPU.ActiveCfg = Release|Any CPU
		{46FA380C-331A-4931-A717-6314AD75DA51}.Release|Any CPU.Build.0 = Release|Any CPU
		{46FA380C-331A-4931-A717-6314AD75DA51}.Release|x64.ActiveCfg = Release|Any CPU
		{46FA380C-331A-4931-A717-6314AD75DA51}.Release|x64.Build.0 = Release|Any CPU
		{46FA380C-331A-4931-A717-6314AD75DA51}.Release|x86.ActiveCfg = Release|Any CPU
		{46FA380C-331A-4931-A717-6314AD75DA51}.Release|x86.Build.0 = Release|Any CPU
		{B6C4993D-9A03-4DBE-B506-44A0F06ECDAC}.Debug|Any CPU.ActiveCfg = Debug|Any CPU
		{B6C4993D-9A03-4DBE-B506-44A0F06ECDAC}.Debug|Any CPU.Build.0 = Debug|Any CPU
		{B6C4993D-9A03-4DBE-B506-44A0F06ECDAC}.Debug|x64.ActiveCfg = Debug|Any CPU
		{B6C4993D-9A03-4DBE-B506-44A0F06ECDAC}.Debug|x64.Build.0 = Debug|Any CPU
		{B6C4993D-9A03-4DBE-B506-44A0F06ECDAC}.Debug|x86.ActiveCfg = Debug|Any CPU
		{B6C4993D-9A03-4DBE-B506-44A0F06ECDAC}.Debug|x86.Build.0 = Debug|Any CPU
		{B6C4993D-9A03-4DBE-B506-44A0F06ECDAC}.Release|Any CPU.ActiveCfg = Release|Any CPU
		{B6C4993D-9A03-4DBE-B506-44A0F06ECDAC}.Release|Any CPU.Build.0 = Release|Any CPU
		{B6C4993D-9A03-4DBE-B506-44A0F06ECDAC}.Release|x64.ActiveCfg = Release|Any CPU
		{B6C4993D-9A03-4DBE-B506-44A0F06ECDAC}.Release|x64.Build.0 = Release|Any CPU
		{B6C4993D-9A03-4DBE-B506-44A0F06ECDAC}.Release|x86.ActiveCfg = Release|Any CPU
		{B6C4993D-9A03-4DBE-B506-44A0F06ECDAC}.Release|x86.Build.0 = Release|Any CPU
		{0EFF1269-0909-4904-A6D2-7EF9FDDAD74E}.Debug|Any CPU.ActiveCfg = Debug|Any CPU
		{0EFF1269-0909-4904-A6D2-7EF9FDDAD74E}.Debug|Any CPU.Build.0 = Debug|Any CPU
		{0EFF1269-0909-4904-A6D2-7EF9FDDAD74E}.Debug|x64.ActiveCfg = Debug|Any CPU
		{0EFF1269-0909-4904-A6D2-7EF9FDDAD74E}.Debug|x64.Build.0 = Debug|Any CPU
		{0EFF1269-0909-4904-A6D2-7EF9FDDAD74E}.Debug|x86.ActiveCfg = Debug|Any CPU
		{0EFF1269-0909-4904-A6D2-7EF9FDDAD74E}.Debug|x86.Build.0 = Debug|Any CPU
		{0EFF1269-0909-4904-A6D2-7EF9FDDAD74E}.Release|Any CPU.ActiveCfg = Release|Any CPU
		{0EFF1269-0909-4904-A6D2-7EF9FDDAD74E}.Release|Any CPU.Build.0 = Release|Any CPU
		{0EFF1269-0909-4904-A6D2-7EF9FDDAD74E}.Release|x64.ActiveCfg = Release|Any CPU
		{0EFF1269-0909-4904-A6D2-7EF9FDDAD74E}.Release|x64.Build.0 = Release|Any CPU
		{0EFF1269-0909-4904-A6D2-7EF9FDDAD74E}.Release|x86.ActiveCfg = Release|Any CPU
		{0EFF1269-0909-4904-A6D2-7EF9FDDAD74E}.Release|x86.Build.0 = Release|Any CPU
		{6F846F74-8C68-4DA6-9285-7ADEE77CD114}.Debug|Any CPU.ActiveCfg = Debug|Any CPU
		{6F846F74-8C68-4DA6-9285-7ADEE77CD114}.Debug|Any CPU.Build.0 = Debug|Any CPU
		{6F846F74-8C68-4DA6-9285-7ADEE77CD114}.Debug|x64.ActiveCfg = Debug|Any CPU
		{6F846F74-8C68-4DA6-9285-7ADEE77CD114}.Debug|x64.Build.0 = Debug|Any CPU
		{6F846F74-8C68-4DA6-9285-7ADEE77CD114}.Debug|x86.ActiveCfg = Debug|Any CPU
		{6F846F74-8C68-4DA6-9285-7ADEE77CD114}.Debug|x86.Build.0 = Debug|Any CPU
		{6F846F74-8C68-4DA6-9285-7ADEE77CD114}.Release|Any CPU.ActiveCfg = Release|Any CPU
		{6F846F74-8C68-4DA6-9285-7ADEE77CD114}.Release|Any CPU.Build.0 = Release|Any CPU
		{6F846F74-8C68-4DA6-9285-7ADEE77CD114}.Release|x64.ActiveCfg = Release|Any CPU
		{6F846F74-8C68-4DA6-9285-7ADEE77CD114}.Release|x64.Build.0 = Release|Any CPU
		{6F846F74-8C68-4DA6-9285-7ADEE77CD114}.Release|x86.ActiveCfg = Release|Any CPU
		{6F846F74-8C68-4DA6-9285-7ADEE77CD114}.Release|x86.Build.0 = Release|Any CPU
		{8E4B1DFE-2D0A-4437-9ED7-2451569A245B}.Debug|Any CPU.ActiveCfg = Debug|Any CPU
		{8E4B1DFE-2D0A-4437-9ED7-2451569A245B}.Debug|Any CPU.Build.0 = Debug|Any CPU
		{8E4B1DFE-2D0A-4437-9ED7-2451569A245B}.Debug|x64.ActiveCfg = Debug|Any CPU
		{8E4B1DFE-2D0A-4437-9ED7-2451569A245B}.Debug|x64.Build.0 = Debug|Any CPU
		{8E4B1DFE-2D0A-4437-9ED7-2451569A245B}.Debug|x86.ActiveCfg = Debug|Any CPU
		{8E4B1DFE-2D0A-4437-9ED7-2451569A245B}.Debug|x86.Build.0 = Debug|Any CPU
		{8E4B1DFE-2D0A-4437-9ED7-2451569A245B}.Release|Any CPU.ActiveCfg = Release|Any CPU
		{8E4B1DFE-2D0A-4437-9ED7-2451569A245B}.Release|Any CPU.Build.0 = Release|Any CPU
		{8E4B1DFE-2D0A-4437-9ED7-2451569A245B}.Release|x64.ActiveCfg = Release|Any CPU
		{8E4B1DFE-2D0A-4437-9ED7-2451569A245B}.Release|x64.Build.0 = Release|Any CPU
		{8E4B1DFE-2D0A-4437-9ED7-2451569A245B}.Release|x86.ActiveCfg = Release|Any CPU
		{8E4B1DFE-2D0A-4437-9ED7-2451569A245B}.Release|x86.Build.0 = Release|Any CPU
		{D473E44C-3408-47C4-A384-4183E283FDE5}.Debug|Any CPU.ActiveCfg = Debug|Any CPU
		{D473E44C-3408-47C4-A384-4183E283FDE5}.Debug|Any CPU.Build.0 = Debug|Any CPU
		{D473E44C-3408-47C4-A384-4183E283FDE5}.Debug|x64.ActiveCfg = Debug|Any CPU
		{D473E44C-3408-47C4-A384-4183E283FDE5}.Debug|x64.Build.0 = Debug|Any CPU
		{D473E44C-3408-47C4-A384-4183E283FDE5}.Debug|x86.ActiveCfg = Debug|Any CPU
		{D473E44C-3408-47C4-A384-4183E283FDE5}.Debug|x86.Build.0 = Debug|Any CPU
		{D473E44C-3408-47C4-A384-4183E283FDE5}.Release|Any CPU.ActiveCfg = Release|Any CPU
		{D473E44C-3408-47C4-A384-4183E283FDE5}.Release|Any CPU.Build.0 = Release|Any CPU
		{D473E44C-3408-47C4-A384-4183E283FDE5}.Release|x64.ActiveCfg = Release|Any CPU
		{D473E44C-3408-47C4-A384-4183E283FDE5}.Release|x64.Build.0 = Release|Any CPU
		{D473E44C-3408-47C4-A384-4183E283FDE5}.Release|x86.ActiveCfg = Release|Any CPU
		{D473E44C-3408-47C4-A384-4183E283FDE5}.Release|x86.Build.0 = Release|Any CPU
		{A23F5565-A632-4204-8982-6869C3B667A8}.Debug|Any CPU.ActiveCfg = Debug|Any CPU
		{A23F5565-A632-4204-8982-6869C3B667A8}.Debug|Any CPU.Build.0 = Debug|Any CPU
		{A23F5565-A632-4204-8982-6869C3B667A8}.Debug|x64.ActiveCfg = Debug|Any CPU
		{A23F5565-A632-4204-8982-6869C3B667A8}.Debug|x64.Build.0 = Debug|Any CPU
		{A23F5565-A632-4204-8982-6869C3B667A8}.Debug|x86.ActiveCfg = Debug|Any CPU
		{A23F5565-A632-4204-8982-6869C3B667A8}.Debug|x86.Build.0 = Debug|Any CPU
		{A23F5565-A632-4204-8982-6869C3B667A8}.Release|Any CPU.ActiveCfg = Release|Any CPU
		{A23F5565-A632-4204-8982-6869C3B667A8}.Release|Any CPU.Build.0 = Release|Any CPU
		{A23F5565-A632-4204-8982-6869C3B667A8}.Release|x64.ActiveCfg = Release|Any CPU
		{A23F5565-A632-4204-8982-6869C3B667A8}.Release|x64.Build.0 = Release|Any CPU
		{A23F5565-A632-4204-8982-6869C3B667A8}.Release|x86.ActiveCfg = Release|Any CPU
		{A23F5565-A632-4204-8982-6869C3B667A8}.Release|x86.Build.0 = Release|Any CPU
		{79B8EE95-6A8F-4496-BB8C-AA8982B64812}.Debug|Any CPU.ActiveCfg = Debug|Any CPU
		{79B8EE95-6A8F-4496-BB8C-AA8982B64812}.Debug|Any CPU.Build.0 = Debug|Any CPU
		{79B8EE95-6A8F-4496-BB8C-AA8982B64812}.Debug|x64.ActiveCfg = Debug|Any CPU
		{79B8EE95-6A8F-4496-BB8C-AA8982B64812}.Debug|x64.Build.0 = Debug|Any CPU
		{79B8EE95-6A8F-4496-BB8C-AA8982B64812}.Debug|x86.ActiveCfg = Debug|Any CPU
		{79B8EE95-6A8F-4496-BB8C-AA8982B64812}.Debug|x86.Build.0 = Debug|Any CPU
		{79B8EE95-6A8F-4496-BB8C-AA8982B64812}.Release|Any CPU.ActiveCfg = Release|Any CPU
		{79B8EE95-6A8F-4496-BB8C-AA8982B64812}.Release|Any CPU.Build.0 = Release|Any CPU
		{79B8EE95-6A8F-4496-BB8C-AA8982B64812}.Release|x64.ActiveCfg = Release|Any CPU
		{79B8EE95-6A8F-4496-BB8C-AA8982B64812}.Release|x64.Build.0 = Release|Any CPU
		{79B8EE95-6A8F-4496-BB8C-AA8982B64812}.Release|x86.ActiveCfg = Release|Any CPU
		{79B8EE95-6A8F-4496-BB8C-AA8982B64812}.Release|x86.Build.0 = Release|Any CPU
		{292B688E-B5D9-431F-BE48-4206C8C9EDF7}.Debug|Any CPU.ActiveCfg = Debug|Any CPU
		{292B688E-B5D9-431F-BE48-4206C8C9EDF7}.Debug|Any CPU.Build.0 = Debug|Any CPU
		{292B688E-B5D9-431F-BE48-4206C8C9EDF7}.Debug|x64.ActiveCfg = Debug|Any CPU
		{292B688E-B5D9-431F-BE48-4206C8C9EDF7}.Debug|x64.Build.0 = Debug|Any CPU
		{292B688E-B5D9-431F-BE48-4206C8C9EDF7}.Debug|x86.ActiveCfg = Debug|Any CPU
		{292B688E-B5D9-431F-BE48-4206C8C9EDF7}.Debug|x86.Build.0 = Debug|Any CPU
		{292B688E-B5D9-431F-BE48-4206C8C9EDF7}.Release|Any CPU.ActiveCfg = Release|Any CPU
		{292B688E-B5D9-431F-BE48-4206C8C9EDF7}.Release|Any CPU.Build.0 = Release|Any CPU
		{292B688E-B5D9-431F-BE48-4206C8C9EDF7}.Release|x64.ActiveCfg = Release|Any CPU
		{292B688E-B5D9-431F-BE48-4206C8C9EDF7}.Release|x64.Build.0 = Release|Any CPU
		{292B688E-B5D9-431F-BE48-4206C8C9EDF7}.Release|x86.ActiveCfg = Release|Any CPU
		{292B688E-B5D9-431F-BE48-4206C8C9EDF7}.Release|x86.Build.0 = Release|Any CPU
		{ABB11140-289F-4C79-B17E-C79A8390769E}.Debug|Any CPU.ActiveCfg = Debug|Any CPU
		{ABB11140-289F-4C79-B17E-C79A8390769E}.Debug|Any CPU.Build.0 = Debug|Any CPU
		{ABB11140-289F-4C79-B17E-C79A8390769E}.Debug|x64.ActiveCfg = Debug|Any CPU
		{ABB11140-289F-4C79-B17E-C79A8390769E}.Debug|x64.Build.0 = Debug|Any CPU
		{ABB11140-289F-4C79-B17E-C79A8390769E}.Debug|x86.ActiveCfg = Debug|Any CPU
		{ABB11140-289F-4C79-B17E-C79A8390769E}.Debug|x86.Build.0 = Debug|Any CPU
		{ABB11140-289F-4C79-B17E-C79A8390769E}.Release|Any CPU.ActiveCfg = Release|Any CPU
		{ABB11140-289F-4C79-B17E-C79A8390769E}.Release|Any CPU.Build.0 = Release|Any CPU
		{ABB11140-289F-4C79-B17E-C79A8390769E}.Release|x64.ActiveCfg = Release|Any CPU
		{ABB11140-289F-4C79-B17E-C79A8390769E}.Release|x64.Build.0 = Release|Any CPU
		{ABB11140-289F-4C79-B17E-C79A8390769E}.Release|x86.ActiveCfg = Release|Any CPU
		{ABB11140-289F-4C79-B17E-C79A8390769E}.Release|x86.Build.0 = Release|Any CPU
		{9C761EEC-EA29-41FD-9878-E8B3F76DCC0A}.Debug|Any CPU.ActiveCfg = Debug|Any CPU
		{9C761EEC-EA29-41FD-9878-E8B3F76DCC0A}.Debug|Any CPU.Build.0 = Debug|Any CPU
		{9C761EEC-EA29-41FD-9878-E8B3F76DCC0A}.Debug|x64.ActiveCfg = Debug|Any CPU
		{9C761EEC-EA29-41FD-9878-E8B3F76DCC0A}.Debug|x64.Build.0 = Debug|Any CPU
		{9C761EEC-EA29-41FD-9878-E8B3F76DCC0A}.Debug|x86.ActiveCfg = Debug|Any CPU
		{9C761EEC-EA29-41FD-9878-E8B3F76DCC0A}.Debug|x86.Build.0 = Debug|Any CPU
		{9C761EEC-EA29-41FD-9878-E8B3F76DCC0A}.Release|Any CPU.ActiveCfg = Release|Any CPU
		{9C761EEC-EA29-41FD-9878-E8B3F76DCC0A}.Release|Any CPU.Build.0 = Release|Any CPU
		{9C761EEC-EA29-41FD-9878-E8B3F76DCC0A}.Release|x64.ActiveCfg = Release|Any CPU
		{9C761EEC-EA29-41FD-9878-E8B3F76DCC0A}.Release|x64.Build.0 = Release|Any CPU
		{9C761EEC-EA29-41FD-9878-E8B3F76DCC0A}.Release|x86.ActiveCfg = Release|Any CPU
		{9C761EEC-EA29-41FD-9878-E8B3F76DCC0A}.Release|x86.Build.0 = Release|Any CPU
		{BB4AE452-14EC-45F6-8DC6-B7A005AF860A}.Debug|Any CPU.ActiveCfg = Debug|Any CPU
		{BB4AE452-14EC-45F6-8DC6-B7A005AF860A}.Debug|Any CPU.Build.0 = Debug|Any CPU
		{BB4AE452-14EC-45F6-8DC6-B7A005AF860A}.Debug|x64.ActiveCfg = Debug|Any CPU
		{BB4AE452-14EC-45F6-8DC6-B7A005AF860A}.Debug|x64.Build.0 = Debug|Any CPU
		{BB4AE452-14EC-45F6-8DC6-B7A005AF860A}.Debug|x86.ActiveCfg = Debug|Any CPU
		{BB4AE452-14EC-45F6-8DC6-B7A005AF860A}.Debug|x86.Build.0 = Debug|Any CPU
		{BB4AE452-14EC-45F6-8DC6-B7A005AF860A}.Release|Any CPU.ActiveCfg = Release|Any CPU
		{BB4AE452-14EC-45F6-8DC6-B7A005AF860A}.Release|Any CPU.Build.0 = Release|Any CPU
		{BB4AE452-14EC-45F6-8DC6-B7A005AF860A}.Release|x64.ActiveCfg = Release|Any CPU
		{BB4AE452-14EC-45F6-8DC6-B7A005AF860A}.Release|x64.Build.0 = Release|Any CPU
		{BB4AE452-14EC-45F6-8DC6-B7A005AF860A}.Release|x86.ActiveCfg = Release|Any CPU
		{BB4AE452-14EC-45F6-8DC6-B7A005AF860A}.Release|x86.Build.0 = Release|Any CPU
		{EED30E50-4707-4E31-B6C5-CD763FE0ECD2}.Debug|Any CPU.ActiveCfg = Debug|Any CPU
		{EED30E50-4707-4E31-B6C5-CD763FE0ECD2}.Debug|Any CPU.Build.0 = Debug|Any CPU
		{EED30E50-4707-4E31-B6C5-CD763FE0ECD2}.Debug|x64.ActiveCfg = Debug|Any CPU
		{EED30E50-4707-4E31-B6C5-CD763FE0ECD2}.Debug|x64.Build.0 = Debug|Any CPU
		{EED30E50-4707-4E31-B6C5-CD763FE0ECD2}.Debug|x86.ActiveCfg = Debug|Any CPU
		{EED30E50-4707-4E31-B6C5-CD763FE0ECD2}.Debug|x86.Build.0 = Debug|Any CPU
		{EED30E50-4707-4E31-B6C5-CD763FE0ECD2}.Release|Any CPU.ActiveCfg = Release|Any CPU
		{EED30E50-4707-4E31-B6C5-CD763FE0ECD2}.Release|Any CPU.Build.0 = Release|Any CPU
		{EED30E50-4707-4E31-B6C5-CD763FE0ECD2}.Release|x64.ActiveCfg = Release|Any CPU
		{EED30E50-4707-4E31-B6C5-CD763FE0ECD2}.Release|x64.Build.0 = Release|Any CPU
		{EED30E50-4707-4E31-B6C5-CD763FE0ECD2}.Release|x86.ActiveCfg = Release|Any CPU
		{EED30E50-4707-4E31-B6C5-CD763FE0ECD2}.Release|x86.Build.0 = Release|Any CPU
		{5D47A8DC-E1F9-4D8A-94FE-713BE784320F}.Debug|Any CPU.ActiveCfg = Debug|Any CPU
		{5D47A8DC-E1F9-4D8A-94FE-713BE784320F}.Debug|Any CPU.Build.0 = Debug|Any CPU
		{5D47A8DC-E1F9-4D8A-94FE-713BE784320F}.Debug|x64.ActiveCfg = Debug|Any CPU
		{5D47A8DC-E1F9-4D8A-94FE-713BE784320F}.Debug|x64.Build.0 = Debug|Any CPU
		{5D47A8DC-E1F9-4D8A-94FE-713BE784320F}.Debug|x86.ActiveCfg = Debug|Any CPU
		{5D47A8DC-E1F9-4D8A-94FE-713BE784320F}.Debug|x86.Build.0 = Debug|Any CPU
		{5D47A8DC-E1F9-4D8A-94FE-713BE784320F}.Release|Any CPU.ActiveCfg = Release|Any CPU
		{5D47A8DC-E1F9-4D8A-94FE-713BE784320F}.Release|Any CPU.Build.0 = Release|Any CPU
		{5D47A8DC-E1F9-4D8A-94FE-713BE784320F}.Release|x64.ActiveCfg = Release|Any CPU
		{5D47A8DC-E1F9-4D8A-94FE-713BE784320F}.Release|x64.Build.0 = Release|Any CPU
		{5D47A8DC-E1F9-4D8A-94FE-713BE784320F}.Release|x86.ActiveCfg = Release|Any CPU
		{5D47A8DC-E1F9-4D8A-94FE-713BE784320F}.Release|x86.Build.0 = Release|Any CPU
		{9F3951CE-7391-4C2F-994A-856F39177FE5}.Debug|Any CPU.ActiveCfg = Debug|Any CPU
		{9F3951CE-7391-4C2F-994A-856F39177FE5}.Debug|Any CPU.Build.0 = Debug|Any CPU
		{9F3951CE-7391-4C2F-994A-856F39177FE5}.Debug|x64.ActiveCfg = Debug|Any CPU
		{9F3951CE-7391-4C2F-994A-856F39177FE5}.Debug|x64.Build.0 = Debug|Any CPU
		{9F3951CE-7391-4C2F-994A-856F39177FE5}.Debug|x86.ActiveCfg = Debug|Any CPU
		{9F3951CE-7391-4C2F-994A-856F39177FE5}.Debug|x86.Build.0 = Debug|Any CPU
		{9F3951CE-7391-4C2F-994A-856F39177FE5}.Release|Any CPU.ActiveCfg = Release|Any CPU
		{9F3951CE-7391-4C2F-994A-856F39177FE5}.Release|Any CPU.Build.0 = Release|Any CPU
		{9F3951CE-7391-4C2F-994A-856F39177FE5}.Release|x64.ActiveCfg = Release|Any CPU
		{9F3951CE-7391-4C2F-994A-856F39177FE5}.Release|x64.Build.0 = Release|Any CPU
		{9F3951CE-7391-4C2F-994A-856F39177FE5}.Release|x86.ActiveCfg = Release|Any CPU
		{9F3951CE-7391-4C2F-994A-856F39177FE5}.Release|x86.Build.0 = Release|Any CPU
		{0692263A-8C16-4E8B-A37F-715B766B21EC}.Debug|Any CPU.ActiveCfg = Debug|Any CPU
		{0692263A-8C16-4E8B-A37F-715B766B21EC}.Debug|Any CPU.Build.0 = Debug|Any CPU
		{0692263A-8C16-4E8B-A37F-715B766B21EC}.Debug|x64.ActiveCfg = Debug|Any CPU
		{0692263A-8C16-4E8B-A37F-715B766B21EC}.Debug|x64.Build.0 = Debug|Any CPU
		{0692263A-8C16-4E8B-A37F-715B766B21EC}.Debug|x86.ActiveCfg = Debug|Any CPU
		{0692263A-8C16-4E8B-A37F-715B766B21EC}.Debug|x86.Build.0 = Debug|Any CPU
		{0692263A-8C16-4E8B-A37F-715B766B21EC}.Release|Any CPU.ActiveCfg = Release|Any CPU
		{0692263A-8C16-4E8B-A37F-715B766B21EC}.Release|Any CPU.Build.0 = Release|Any CPU
		{0692263A-8C16-4E8B-A37F-715B766B21EC}.Release|x64.ActiveCfg = Release|Any CPU
		{0692263A-8C16-4E8B-A37F-715B766B21EC}.Release|x64.Build.0 = Release|Any CPU
		{0692263A-8C16-4E8B-A37F-715B766B21EC}.Release|x86.ActiveCfg = Release|Any CPU
		{0692263A-8C16-4E8B-A37F-715B766B21EC}.Release|x86.Build.0 = Release|Any CPU
		{AECF0097-9379-4A5F-B490-0A2FDA8303D5}.Debug|Any CPU.ActiveCfg = Debug|Any CPU
		{AECF0097-9379-4A5F-B490-0A2FDA8303D5}.Debug|Any CPU.Build.0 = Debug|Any CPU
		{AECF0097-9379-4A5F-B490-0A2FDA8303D5}.Debug|x64.ActiveCfg = Debug|Any CPU
		{AECF0097-9379-4A5F-B490-0A2FDA8303D5}.Debug|x64.Build.0 = Debug|Any CPU
		{AECF0097-9379-4A5F-B490-0A2FDA8303D5}.Debug|x86.ActiveCfg = Debug|Any CPU
		{AECF0097-9379-4A5F-B490-0A2FDA8303D5}.Debug|x86.Build.0 = Debug|Any CPU
		{AECF0097-9379-4A5F-B490-0A2FDA8303D5}.Release|Any CPU.ActiveCfg = Release|Any CPU
		{AECF0097-9379-4A5F-B490-0A2FDA8303D5}.Release|Any CPU.Build.0 = Release|Any CPU
		{AECF0097-9379-4A5F-B490-0A2FDA8303D5}.Release|x64.ActiveCfg = Release|Any CPU
		{AECF0097-9379-4A5F-B490-0A2FDA8303D5}.Release|x64.Build.0 = Release|Any CPU
		{AECF0097-9379-4A5F-B490-0A2FDA8303D5}.Release|x86.ActiveCfg = Release|Any CPU
		{AECF0097-9379-4A5F-B490-0A2FDA8303D5}.Release|x86.Build.0 = Release|Any CPU
		{1EFC10D4-2D8A-4701-B6B2-E0D0A836CFDF}.Debug|Any CPU.ActiveCfg = Debug|Any CPU
		{1EFC10D4-2D8A-4701-B6B2-E0D0A836CFDF}.Debug|Any CPU.Build.0 = Debug|Any CPU
		{1EFC10D4-2D8A-4701-B6B2-E0D0A836CFDF}.Debug|x64.ActiveCfg = Debug|Any CPU
		{1EFC10D4-2D8A-4701-B6B2-E0D0A836CFDF}.Debug|x64.Build.0 = Debug|Any CPU
		{1EFC10D4-2D8A-4701-B6B2-E0D0A836CFDF}.Debug|x86.ActiveCfg = Debug|Any CPU
		{1EFC10D4-2D8A-4701-B6B2-E0D0A836CFDF}.Debug|x86.Build.0 = Debug|Any CPU
		{1EFC10D4-2D8A-4701-B6B2-E0D0A836CFDF}.Release|Any CPU.ActiveCfg = Release|Any CPU
		{1EFC10D4-2D8A-4701-B6B2-E0D0A836CFDF}.Release|Any CPU.Build.0 = Release|Any CPU
		{1EFC10D4-2D8A-4701-B6B2-E0D0A836CFDF}.Release|x64.ActiveCfg = Release|Any CPU
		{1EFC10D4-2D8A-4701-B6B2-E0D0A836CFDF}.Release|x64.Build.0 = Release|Any CPU
		{1EFC10D4-2D8A-4701-B6B2-E0D0A836CFDF}.Release|x86.ActiveCfg = Release|Any CPU
		{1EFC10D4-2D8A-4701-B6B2-E0D0A836CFDF}.Release|x86.Build.0 = Release|Any CPU
		{03943D9F-6251-4AB6-8F1E-035C2B5ED20B}.Debug|Any CPU.ActiveCfg = Debug|Any CPU
		{03943D9F-6251-4AB6-8F1E-035C2B5ED20B}.Debug|Any CPU.Build.0 = Debug|Any CPU
		{03943D9F-6251-4AB6-8F1E-035C2B5ED20B}.Debug|x64.ActiveCfg = Debug|Any CPU
		{03943D9F-6251-4AB6-8F1E-035C2B5ED20B}.Debug|x64.Build.0 = Debug|Any CPU
		{03943D9F-6251-4AB6-8F1E-035C2B5ED20B}.Debug|x86.ActiveCfg = Debug|Any CPU
		{03943D9F-6251-4AB6-8F1E-035C2B5ED20B}.Debug|x86.Build.0 = Debug|Any CPU
		{03943D9F-6251-4AB6-8F1E-035C2B5ED20B}.Release|Any CPU.ActiveCfg = Release|Any CPU
		{03943D9F-6251-4AB6-8F1E-035C2B5ED20B}.Release|Any CPU.Build.0 = Release|Any CPU
		{03943D9F-6251-4AB6-8F1E-035C2B5ED20B}.Release|x64.ActiveCfg = Release|Any CPU
		{03943D9F-6251-4AB6-8F1E-035C2B5ED20B}.Release|x64.Build.0 = Release|Any CPU
		{03943D9F-6251-4AB6-8F1E-035C2B5ED20B}.Release|x86.ActiveCfg = Release|Any CPU
		{03943D9F-6251-4AB6-8F1E-035C2B5ED20B}.Release|x86.Build.0 = Release|Any CPU
		{ABEFE026-230C-417B-8805-E29B2DF27A5A}.Debug|Any CPU.ActiveCfg = Debug|Any CPU
		{ABEFE026-230C-417B-8805-E29B2DF27A5A}.Debug|Any CPU.Build.0 = Debug|Any CPU
		{ABEFE026-230C-417B-8805-E29B2DF27A5A}.Debug|x64.ActiveCfg = Debug|Any CPU
		{ABEFE026-230C-417B-8805-E29B2DF27A5A}.Debug|x64.Build.0 = Debug|Any CPU
		{ABEFE026-230C-417B-8805-E29B2DF27A5A}.Debug|x86.ActiveCfg = Debug|Any CPU
		{ABEFE026-230C-417B-8805-E29B2DF27A5A}.Debug|x86.Build.0 = Debug|Any CPU
		{ABEFE026-230C-417B-8805-E29B2DF27A5A}.Release|Any CPU.ActiveCfg = Release|Any CPU
		{ABEFE026-230C-417B-8805-E29B2DF27A5A}.Release|Any CPU.Build.0 = Release|Any CPU
		{ABEFE026-230C-417B-8805-E29B2DF27A5A}.Release|x64.ActiveCfg = Release|Any CPU
		{ABEFE026-230C-417B-8805-E29B2DF27A5A}.Release|x64.Build.0 = Release|Any CPU
		{ABEFE026-230C-417B-8805-E29B2DF27A5A}.Release|x86.ActiveCfg = Release|Any CPU
		{ABEFE026-230C-417B-8805-E29B2DF27A5A}.Release|x86.Build.0 = Release|Any CPU
		{6758B1A1-035C-4738-953A-D45D3861D886}.Debug|Any CPU.ActiveCfg = Debug|Any CPU
		{6758B1A1-035C-4738-953A-D45D3861D886}.Debug|Any CPU.Build.0 = Debug|Any CPU
		{6758B1A1-035C-4738-953A-D45D3861D886}.Debug|x64.ActiveCfg = Debug|Any CPU
		{6758B1A1-035C-4738-953A-D45D3861D886}.Debug|x64.Build.0 = Debug|Any CPU
		{6758B1A1-035C-4738-953A-D45D3861D886}.Debug|x86.ActiveCfg = Debug|Any CPU
		{6758B1A1-035C-4738-953A-D45D3861D886}.Debug|x86.Build.0 = Debug|Any CPU
		{6758B1A1-035C-4738-953A-D45D3861D886}.Release|Any CPU.ActiveCfg = Release|Any CPU
		{6758B1A1-035C-4738-953A-D45D3861D886}.Release|Any CPU.Build.0 = Release|Any CPU
		{6758B1A1-035C-4738-953A-D45D3861D886}.Release|x64.ActiveCfg = Release|Any CPU
		{6758B1A1-035C-4738-953A-D45D3861D886}.Release|x64.Build.0 = Release|Any CPU
		{6758B1A1-035C-4738-953A-D45D3861D886}.Release|x86.ActiveCfg = Release|Any CPU
		{6758B1A1-035C-4738-953A-D45D3861D886}.Release|x86.Build.0 = Release|Any CPU
		{BBCE4881-F8C6-4EE5-ABA2-71C726560A3D}.Debug|Any CPU.ActiveCfg = Debug|Any CPU
		{BBCE4881-F8C6-4EE5-ABA2-71C726560A3D}.Debug|Any CPU.Build.0 = Debug|Any CPU
		{BBCE4881-F8C6-4EE5-ABA2-71C726560A3D}.Debug|x64.ActiveCfg = Debug|Any CPU
		{BBCE4881-F8C6-4EE5-ABA2-71C726560A3D}.Debug|x64.Build.0 = Debug|Any CPU
		{BBCE4881-F8C6-4EE5-ABA2-71C726560A3D}.Debug|x86.ActiveCfg = Debug|Any CPU
		{BBCE4881-F8C6-4EE5-ABA2-71C726560A3D}.Debug|x86.Build.0 = Debug|Any CPU
		{BBCE4881-F8C6-4EE5-ABA2-71C726560A3D}.Release|Any CPU.ActiveCfg = Release|Any CPU
		{BBCE4881-F8C6-4EE5-ABA2-71C726560A3D}.Release|Any CPU.Build.0 = Release|Any CPU
		{BBCE4881-F8C6-4EE5-ABA2-71C726560A3D}.Release|x64.ActiveCfg = Release|Any CPU
		{BBCE4881-F8C6-4EE5-ABA2-71C726560A3D}.Release|x64.Build.0 = Release|Any CPU
		{BBCE4881-F8C6-4EE5-ABA2-71C726560A3D}.Release|x86.ActiveCfg = Release|Any CPU
		{BBCE4881-F8C6-4EE5-ABA2-71C726560A3D}.Release|x86.Build.0 = Release|Any CPU
		{9332E014-DB03-4CC2-8B65-8FF44C7708DC}.Debug|Any CPU.ActiveCfg = Debug|Any CPU
		{9332E014-DB03-4CC2-8B65-8FF44C7708DC}.Debug|Any CPU.Build.0 = Debug|Any CPU
		{9332E014-DB03-4CC2-8B65-8FF44C7708DC}.Debug|x64.ActiveCfg = Debug|Any CPU
		{9332E014-DB03-4CC2-8B65-8FF44C7708DC}.Debug|x64.Build.0 = Debug|Any CPU
		{9332E014-DB03-4CC2-8B65-8FF44C7708DC}.Debug|x86.ActiveCfg = Debug|Any CPU
		{9332E014-DB03-4CC2-8B65-8FF44C7708DC}.Debug|x86.Build.0 = Debug|Any CPU
		{9332E014-DB03-4CC2-8B65-8FF44C7708DC}.Release|Any CPU.ActiveCfg = Release|Any CPU
		{9332E014-DB03-4CC2-8B65-8FF44C7708DC}.Release|Any CPU.Build.0 = Release|Any CPU
		{9332E014-DB03-4CC2-8B65-8FF44C7708DC}.Release|x64.ActiveCfg = Release|Any CPU
		{9332E014-DB03-4CC2-8B65-8FF44C7708DC}.Release|x64.Build.0 = Release|Any CPU
		{9332E014-DB03-4CC2-8B65-8FF44C7708DC}.Release|x86.ActiveCfg = Release|Any CPU
		{9332E014-DB03-4CC2-8B65-8FF44C7708DC}.Release|x86.Build.0 = Release|Any CPU
		{1A7448D7-F81A-450A-84FB-3A0513FDD532}.Debug|Any CPU.ActiveCfg = Debug|Any CPU
		{1A7448D7-F81A-450A-84FB-3A0513FDD532}.Debug|Any CPU.Build.0 = Debug|Any CPU
		{1A7448D7-F81A-450A-84FB-3A0513FDD532}.Debug|x64.ActiveCfg = Debug|Any CPU
		{1A7448D7-F81A-450A-84FB-3A0513FDD532}.Debug|x64.Build.0 = Debug|Any CPU
		{1A7448D7-F81A-450A-84FB-3A0513FDD532}.Debug|x86.ActiveCfg = Debug|Any CPU
		{1A7448D7-F81A-450A-84FB-3A0513FDD532}.Debug|x86.Build.0 = Debug|Any CPU
		{1A7448D7-F81A-450A-84FB-3A0513FDD532}.Release|Any CPU.ActiveCfg = Release|Any CPU
		{1A7448D7-F81A-450A-84FB-3A0513FDD532}.Release|Any CPU.Build.0 = Release|Any CPU
		{1A7448D7-F81A-450A-84FB-3A0513FDD532}.Release|x64.ActiveCfg = Release|Any CPU
		{1A7448D7-F81A-450A-84FB-3A0513FDD532}.Release|x64.Build.0 = Release|Any CPU
		{1A7448D7-F81A-450A-84FB-3A0513FDD532}.Release|x86.ActiveCfg = Release|Any CPU
		{1A7448D7-F81A-450A-84FB-3A0513FDD532}.Release|x86.Build.0 = Release|Any CPU
		{551616FE-EF79-4EE4-9033-95064DBE3E01}.Debug|Any CPU.ActiveCfg = Debug|Any CPU
		{551616FE-EF79-4EE4-9033-95064DBE3E01}.Debug|Any CPU.Build.0 = Debug|Any CPU
		{551616FE-EF79-4EE4-9033-95064DBE3E01}.Debug|x64.ActiveCfg = Debug|Any CPU
		{551616FE-EF79-4EE4-9033-95064DBE3E01}.Debug|x64.Build.0 = Debug|Any CPU
		{551616FE-EF79-4EE4-9033-95064DBE3E01}.Debug|x86.ActiveCfg = Debug|Any CPU
		{551616FE-EF79-4EE4-9033-95064DBE3E01}.Debug|x86.Build.0 = Debug|Any CPU
		{551616FE-EF79-4EE4-9033-95064DBE3E01}.Release|Any CPU.ActiveCfg = Release|Any CPU
		{551616FE-EF79-4EE4-9033-95064DBE3E01}.Release|Any CPU.Build.0 = Release|Any CPU
		{551616FE-EF79-4EE4-9033-95064DBE3E01}.Release|x64.ActiveCfg = Release|Any CPU
		{551616FE-EF79-4EE4-9033-95064DBE3E01}.Release|x64.Build.0 = Release|Any CPU
		{551616FE-EF79-4EE4-9033-95064DBE3E01}.Release|x86.ActiveCfg = Release|Any CPU
		{551616FE-EF79-4EE4-9033-95064DBE3E01}.Release|x86.Build.0 = Release|Any CPU
		{A9EBDCC6-78BC-4D3A-877D-6B960AB72BE9}.Debug|Any CPU.ActiveCfg = Debug|Any CPU
		{A9EBDCC6-78BC-4D3A-877D-6B960AB72BE9}.Debug|Any CPU.Build.0 = Debug|Any CPU
		{A9EBDCC6-78BC-4D3A-877D-6B960AB72BE9}.Debug|x64.ActiveCfg = Debug|Any CPU
		{A9EBDCC6-78BC-4D3A-877D-6B960AB72BE9}.Debug|x64.Build.0 = Debug|Any CPU
		{A9EBDCC6-78BC-4D3A-877D-6B960AB72BE9}.Debug|x86.ActiveCfg = Debug|Any CPU
		{A9EBDCC6-78BC-4D3A-877D-6B960AB72BE9}.Debug|x86.Build.0 = Debug|Any CPU
		{A9EBDCC6-78BC-4D3A-877D-6B960AB72BE9}.Release|Any CPU.ActiveCfg = Release|Any CPU
		{A9EBDCC6-78BC-4D3A-877D-6B960AB72BE9}.Release|Any CPU.Build.0 = Release|Any CPU
		{A9EBDCC6-78BC-4D3A-877D-6B960AB72BE9}.Release|x64.ActiveCfg = Release|Any CPU
		{A9EBDCC6-78BC-4D3A-877D-6B960AB72BE9}.Release|x64.Build.0 = Release|Any CPU
		{A9EBDCC6-78BC-4D3A-877D-6B960AB72BE9}.Release|x86.ActiveCfg = Release|Any CPU
		{A9EBDCC6-78BC-4D3A-877D-6B960AB72BE9}.Release|x86.Build.0 = Release|Any CPU
		{D5B12A01-F838-45D9-A6A3-A30A2B1A6927}.Debug|Any CPU.ActiveCfg = Debug|Any CPU
		{D5B12A01-F838-45D9-A6A3-A30A2B1A6927}.Debug|Any CPU.Build.0 = Debug|Any CPU
		{D5B12A01-F838-45D9-A6A3-A30A2B1A6927}.Debug|x64.ActiveCfg = Debug|Any CPU
		{D5B12A01-F838-45D9-A6A3-A30A2B1A6927}.Debug|x64.Build.0 = Debug|Any CPU
		{D5B12A01-F838-45D9-A6A3-A30A2B1A6927}.Debug|x86.ActiveCfg = Debug|Any CPU
		{D5B12A01-F838-45D9-A6A3-A30A2B1A6927}.Debug|x86.Build.0 = Debug|Any CPU
		{D5B12A01-F838-45D9-A6A3-A30A2B1A6927}.Release|Any CPU.ActiveCfg = Release|Any CPU
		{D5B12A01-F838-45D9-A6A3-A30A2B1A6927}.Release|Any CPU.Build.0 = Release|Any CPU
		{D5B12A01-F838-45D9-A6A3-A30A2B1A6927}.Release|x64.ActiveCfg = Release|Any CPU
		{D5B12A01-F838-45D9-A6A3-A30A2B1A6927}.Release|x64.Build.0 = Release|Any CPU
		{D5B12A01-F838-45D9-A6A3-A30A2B1A6927}.Release|x86.ActiveCfg = Release|Any CPU
		{D5B12A01-F838-45D9-A6A3-A30A2B1A6927}.Release|x86.Build.0 = Release|Any CPU
		{45A13CEC-9955-4108-B94C-E35D3E341C8A}.Debug|Any CPU.ActiveCfg = Debug|Any CPU
		{45A13CEC-9955-4108-B94C-E35D3E341C8A}.Debug|Any CPU.Build.0 = Debug|Any CPU
		{45A13CEC-9955-4108-B94C-E35D3E341C8A}.Debug|x64.ActiveCfg = Debug|Any CPU
		{45A13CEC-9955-4108-B94C-E35D3E341C8A}.Debug|x64.Build.0 = Debug|Any CPU
		{45A13CEC-9955-4108-B94C-E35D3E341C8A}.Debug|x86.ActiveCfg = Debug|Any CPU
		{45A13CEC-9955-4108-B94C-E35D3E341C8A}.Debug|x86.Build.0 = Debug|Any CPU
		{45A13CEC-9955-4108-B94C-E35D3E341C8A}.Release|Any CPU.ActiveCfg = Release|Any CPU
		{45A13CEC-9955-4108-B94C-E35D3E341C8A}.Release|Any CPU.Build.0 = Release|Any CPU
		{45A13CEC-9955-4108-B94C-E35D3E341C8A}.Release|x64.ActiveCfg = Release|Any CPU
		{45A13CEC-9955-4108-B94C-E35D3E341C8A}.Release|x64.Build.0 = Release|Any CPU
		{45A13CEC-9955-4108-B94C-E35D3E341C8A}.Release|x86.ActiveCfg = Release|Any CPU
		{45A13CEC-9955-4108-B94C-E35D3E341C8A}.Release|x86.Build.0 = Release|Any CPU
		{664698BB-D8A0-45DC-AA83-7E3726DA270C}.Debug|Any CPU.ActiveCfg = Debug|Any CPU
		{664698BB-D8A0-45DC-AA83-7E3726DA270C}.Debug|Any CPU.Build.0 = Debug|Any CPU
		{664698BB-D8A0-45DC-AA83-7E3726DA270C}.Debug|x64.ActiveCfg = Debug|Any CPU
		{664698BB-D8A0-45DC-AA83-7E3726DA270C}.Debug|x64.Build.0 = Debug|Any CPU
		{664698BB-D8A0-45DC-AA83-7E3726DA270C}.Debug|x86.ActiveCfg = Debug|Any CPU
		{664698BB-D8A0-45DC-AA83-7E3726DA270C}.Debug|x86.Build.0 = Debug|Any CPU
		{664698BB-D8A0-45DC-AA83-7E3726DA270C}.Release|Any CPU.ActiveCfg = Release|Any CPU
		{664698BB-D8A0-45DC-AA83-7E3726DA270C}.Release|Any CPU.Build.0 = Release|Any CPU
		{664698BB-D8A0-45DC-AA83-7E3726DA270C}.Release|x64.ActiveCfg = Release|Any CPU
		{664698BB-D8A0-45DC-AA83-7E3726DA270C}.Release|x64.Build.0 = Release|Any CPU
		{664698BB-D8A0-45DC-AA83-7E3726DA270C}.Release|x86.ActiveCfg = Release|Any CPU
		{664698BB-D8A0-45DC-AA83-7E3726DA270C}.Release|x86.Build.0 = Release|Any CPU
		{ABE22AE3-D2AF-41A8-A252-F048004EB4FA}.Debug|Any CPU.ActiveCfg = Debug|Any CPU
		{ABE22AE3-D2AF-41A8-A252-F048004EB4FA}.Debug|Any CPU.Build.0 = Debug|Any CPU
		{ABE22AE3-D2AF-41A8-A252-F048004EB4FA}.Debug|x64.ActiveCfg = Debug|Any CPU
		{ABE22AE3-D2AF-41A8-A252-F048004EB4FA}.Debug|x64.Build.0 = Debug|Any CPU
		{ABE22AE3-D2AF-41A8-A252-F048004EB4FA}.Debug|x86.ActiveCfg = Debug|Any CPU
		{ABE22AE3-D2AF-41A8-A252-F048004EB4FA}.Debug|x86.Build.0 = Debug|Any CPU
		{ABE22AE3-D2AF-41A8-A252-F048004EB4FA}.Release|Any CPU.ActiveCfg = Release|Any CPU
		{ABE22AE3-D2AF-41A8-A252-F048004EB4FA}.Release|Any CPU.Build.0 = Release|Any CPU
		{ABE22AE3-D2AF-41A8-A252-F048004EB4FA}.Release|x64.ActiveCfg = Release|Any CPU
		{ABE22AE3-D2AF-41A8-A252-F048004EB4FA}.Release|x64.Build.0 = Release|Any CPU
		{ABE22AE3-D2AF-41A8-A252-F048004EB4FA}.Release|x86.ActiveCfg = Release|Any CPU
		{ABE22AE3-D2AF-41A8-A252-F048004EB4FA}.Release|x86.Build.0 = Release|Any CPU
		{A0F15C07-C319-4730-B179-73EDC6E864B5}.Debug|Any CPU.ActiveCfg = Debug|Any CPU
		{A0F15C07-C319-4730-B179-73EDC6E864B5}.Debug|Any CPU.Build.0 = Debug|Any CPU
		{A0F15C07-C319-4730-B179-73EDC6E864B5}.Debug|x64.ActiveCfg = Debug|Any CPU
		{A0F15C07-C319-4730-B179-73EDC6E864B5}.Debug|x64.Build.0 = Debug|Any CPU
		{A0F15C07-C319-4730-B179-73EDC6E864B5}.Debug|x86.ActiveCfg = Debug|Any CPU
		{A0F15C07-C319-4730-B179-73EDC6E864B5}.Debug|x86.Build.0 = Debug|Any CPU
		{A0F15C07-C319-4730-B179-73EDC6E864B5}.Release|Any CPU.ActiveCfg = Release|Any CPU
		{A0F15C07-C319-4730-B179-73EDC6E864B5}.Release|Any CPU.Build.0 = Release|Any CPU
		{A0F15C07-C319-4730-B179-73EDC6E864B5}.Release|x64.ActiveCfg = Release|Any CPU
		{A0F15C07-C319-4730-B179-73EDC6E864B5}.Release|x64.Build.0 = Release|Any CPU
		{A0F15C07-C319-4730-B179-73EDC6E864B5}.Release|x86.ActiveCfg = Release|Any CPU
		{A0F15C07-C319-4730-B179-73EDC6E864B5}.Release|x86.Build.0 = Release|Any CPU
		{665AA044-1A25-49F8-B940-4DFEF0013438}.Debug|Any CPU.ActiveCfg = Debug|Any CPU
		{665AA044-1A25-49F8-B940-4DFEF0013438}.Debug|Any CPU.Build.0 = Debug|Any CPU
		{665AA044-1A25-49F8-B940-4DFEF0013438}.Debug|x64.ActiveCfg = Debug|Any CPU
		{665AA044-1A25-49F8-B940-4DFEF0013438}.Debug|x64.Build.0 = Debug|Any CPU
		{665AA044-1A25-49F8-B940-4DFEF0013438}.Debug|x86.ActiveCfg = Debug|Any CPU
		{665AA044-1A25-49F8-B940-4DFEF0013438}.Debug|x86.Build.0 = Debug|Any CPU
		{665AA044-1A25-49F8-B940-4DFEF0013438}.Release|Any CPU.ActiveCfg = Release|Any CPU
		{665AA044-1A25-49F8-B940-4DFEF0013438}.Release|Any CPU.Build.0 = Release|Any CPU
		{665AA044-1A25-49F8-B940-4DFEF0013438}.Release|x64.ActiveCfg = Release|Any CPU
		{665AA044-1A25-49F8-B940-4DFEF0013438}.Release|x64.Build.0 = Release|Any CPU
		{665AA044-1A25-49F8-B940-4DFEF0013438}.Release|x86.ActiveCfg = Release|Any CPU
		{665AA044-1A25-49F8-B940-4DFEF0013438}.Release|x86.Build.0 = Release|Any CPU
		{23D51680-9EDD-42C3-98D7-AB71986FEC0D}.Debug|Any CPU.ActiveCfg = Debug|Any CPU
		{23D51680-9EDD-42C3-98D7-AB71986FEC0D}.Debug|Any CPU.Build.0 = Debug|Any CPU
		{23D51680-9EDD-42C3-98D7-AB71986FEC0D}.Debug|x64.ActiveCfg = Debug|Any CPU
		{23D51680-9EDD-42C3-98D7-AB71986FEC0D}.Debug|x64.Build.0 = Debug|Any CPU
		{23D51680-9EDD-42C3-98D7-AB71986FEC0D}.Debug|x86.ActiveCfg = Debug|Any CPU
		{23D51680-9EDD-42C3-98D7-AB71986FEC0D}.Debug|x86.Build.0 = Debug|Any CPU
		{23D51680-9EDD-42C3-98D7-AB71986FEC0D}.Release|Any CPU.ActiveCfg = Release|Any CPU
		{23D51680-9EDD-42C3-98D7-AB71986FEC0D}.Release|Any CPU.Build.0 = Release|Any CPU
		{23D51680-9EDD-42C3-98D7-AB71986FEC0D}.Release|x64.ActiveCfg = Release|Any CPU
		{23D51680-9EDD-42C3-98D7-AB71986FEC0D}.Release|x64.Build.0 = Release|Any CPU
		{23D51680-9EDD-42C3-98D7-AB71986FEC0D}.Release|x86.ActiveCfg = Release|Any CPU
		{23D51680-9EDD-42C3-98D7-AB71986FEC0D}.Release|x86.Build.0 = Release|Any CPU
		{DC30CAE2-C9D7-4C48-B310-2E6F226091E0}.Debug|Any CPU.ActiveCfg = Debug|Any CPU
		{DC30CAE2-C9D7-4C48-B310-2E6F226091E0}.Debug|Any CPU.Build.0 = Debug|Any CPU
		{DC30CAE2-C9D7-4C48-B310-2E6F226091E0}.Debug|x64.ActiveCfg = Debug|Any CPU
		{DC30CAE2-C9D7-4C48-B310-2E6F226091E0}.Debug|x64.Build.0 = Debug|Any CPU
		{DC30CAE2-C9D7-4C48-B310-2E6F226091E0}.Debug|x86.ActiveCfg = Debug|Any CPU
		{DC30CAE2-C9D7-4C48-B310-2E6F226091E0}.Debug|x86.Build.0 = Debug|Any CPU
		{DC30CAE2-C9D7-4C48-B310-2E6F226091E0}.Release|Any CPU.ActiveCfg = Release|Any CPU
		{DC30CAE2-C9D7-4C48-B310-2E6F226091E0}.Release|Any CPU.Build.0 = Release|Any CPU
		{DC30CAE2-C9D7-4C48-B310-2E6F226091E0}.Release|x64.ActiveCfg = Release|Any CPU
		{DC30CAE2-C9D7-4C48-B310-2E6F226091E0}.Release|x64.Build.0 = Release|Any CPU
		{DC30CAE2-C9D7-4C48-B310-2E6F226091E0}.Release|x86.ActiveCfg = Release|Any CPU
		{DC30CAE2-C9D7-4C48-B310-2E6F226091E0}.Release|x86.Build.0 = Release|Any CPU
		{24DBC8F1-E428-4DE0-9292-71E55840FAB2}.Debug|Any CPU.ActiveCfg = Debug|Any CPU
		{24DBC8F1-E428-4DE0-9292-71E55840FAB2}.Debug|Any CPU.Build.0 = Debug|Any CPU
		{24DBC8F1-E428-4DE0-9292-71E55840FAB2}.Debug|x64.ActiveCfg = Debug|Any CPU
		{24DBC8F1-E428-4DE0-9292-71E55840FAB2}.Debug|x64.Build.0 = Debug|Any CPU
		{24DBC8F1-E428-4DE0-9292-71E55840FAB2}.Debug|x86.ActiveCfg = Debug|Any CPU
		{24DBC8F1-E428-4DE0-9292-71E55840FAB2}.Debug|x86.Build.0 = Debug|Any CPU
		{24DBC8F1-E428-4DE0-9292-71E55840FAB2}.Release|Any CPU.ActiveCfg = Release|Any CPU
		{24DBC8F1-E428-4DE0-9292-71E55840FAB2}.Release|Any CPU.Build.0 = Release|Any CPU
		{24DBC8F1-E428-4DE0-9292-71E55840FAB2}.Release|x64.ActiveCfg = Release|Any CPU
		{24DBC8F1-E428-4DE0-9292-71E55840FAB2}.Release|x64.Build.0 = Release|Any CPU
		{24DBC8F1-E428-4DE0-9292-71E55840FAB2}.Release|x86.ActiveCfg = Release|Any CPU
		{24DBC8F1-E428-4DE0-9292-71E55840FAB2}.Release|x86.Build.0 = Release|Any CPU
		{3A96C02C-27E4-42B1-BEF2-088BFD9C7539}.Debug|Any CPU.ActiveCfg = Debug|Any CPU
		{3A96C02C-27E4-42B1-BEF2-088BFD9C7539}.Debug|Any CPU.Build.0 = Debug|Any CPU
		{3A96C02C-27E4-42B1-BEF2-088BFD9C7539}.Debug|x64.ActiveCfg = Debug|Any CPU
		{3A96C02C-27E4-42B1-BEF2-088BFD9C7539}.Debug|x64.Build.0 = Debug|Any CPU
		{3A96C02C-27E4-42B1-BEF2-088BFD9C7539}.Debug|x86.ActiveCfg = Debug|Any CPU
		{3A96C02C-27E4-42B1-BEF2-088BFD9C7539}.Debug|x86.Build.0 = Debug|Any CPU
		{3A96C02C-27E4-42B1-BEF2-088BFD9C7539}.Release|Any CPU.ActiveCfg = Release|Any CPU
		{3A96C02C-27E4-42B1-BEF2-088BFD9C7539}.Release|Any CPU.Build.0 = Release|Any CPU
		{3A96C02C-27E4-42B1-BEF2-088BFD9C7539}.Release|x64.ActiveCfg = Release|Any CPU
		{3A96C02C-27E4-42B1-BEF2-088BFD9C7539}.Release|x64.Build.0 = Release|Any CPU
		{3A96C02C-27E4-42B1-BEF2-088BFD9C7539}.Release|x86.ActiveCfg = Release|Any CPU
		{3A96C02C-27E4-42B1-BEF2-088BFD9C7539}.Release|x86.Build.0 = Release|Any CPU
		{DBBD8622-46D9-408E-9735-F8EF38E6F013}.Debug|Any CPU.ActiveCfg = Debug|Any CPU
		{DBBD8622-46D9-408E-9735-F8EF38E6F013}.Debug|Any CPU.Build.0 = Debug|Any CPU
		{DBBD8622-46D9-408E-9735-F8EF38E6F013}.Debug|x64.ActiveCfg = Debug|Any CPU
		{DBBD8622-46D9-408E-9735-F8EF38E6F013}.Debug|x64.Build.0 = Debug|Any CPU
		{DBBD8622-46D9-408E-9735-F8EF38E6F013}.Debug|x86.ActiveCfg = Debug|Any CPU
		{DBBD8622-46D9-408E-9735-F8EF38E6F013}.Debug|x86.Build.0 = Debug|Any CPU
		{DBBD8622-46D9-408E-9735-F8EF38E6F013}.Release|Any CPU.ActiveCfg = Release|Any CPU
		{DBBD8622-46D9-408E-9735-F8EF38E6F013}.Release|Any CPU.Build.0 = Release|Any CPU
		{DBBD8622-46D9-408E-9735-F8EF38E6F013}.Release|x64.ActiveCfg = Release|Any CPU
		{DBBD8622-46D9-408E-9735-F8EF38E6F013}.Release|x64.Build.0 = Release|Any CPU
		{DBBD8622-46D9-408E-9735-F8EF38E6F013}.Release|x86.ActiveCfg = Release|Any CPU
		{DBBD8622-46D9-408E-9735-F8EF38E6F013}.Release|x86.Build.0 = Release|Any CPU
		{558EF514-535C-4C26-A701-D97FEE01B6AD}.Debug|Any CPU.ActiveCfg = Debug|Any CPU
		{558EF514-535C-4C26-A701-D97FEE01B6AD}.Debug|Any CPU.Build.0 = Debug|Any CPU
		{558EF514-535C-4C26-A701-D97FEE01B6AD}.Debug|x64.ActiveCfg = Debug|Any CPU
		{558EF514-535C-4C26-A701-D97FEE01B6AD}.Debug|x64.Build.0 = Debug|Any CPU
		{558EF514-535C-4C26-A701-D97FEE01B6AD}.Debug|x86.ActiveCfg = Debug|Any CPU
		{558EF514-535C-4C26-A701-D97FEE01B6AD}.Debug|x86.Build.0 = Debug|Any CPU
		{558EF514-535C-4C26-A701-D97FEE01B6AD}.Release|Any CPU.ActiveCfg = Release|Any CPU
		{558EF514-535C-4C26-A701-D97FEE01B6AD}.Release|Any CPU.Build.0 = Release|Any CPU
		{558EF514-535C-4C26-A701-D97FEE01B6AD}.Release|x64.ActiveCfg = Release|Any CPU
		{558EF514-535C-4C26-A701-D97FEE01B6AD}.Release|x64.Build.0 = Release|Any CPU
		{558EF514-535C-4C26-A701-D97FEE01B6AD}.Release|x86.ActiveCfg = Release|Any CPU
		{558EF514-535C-4C26-A701-D97FEE01B6AD}.Release|x86.Build.0 = Release|Any CPU
		{344D23FA-D545-439B-9E12-5FCBCAC0BDCD}.Debug|Any CPU.ActiveCfg = Debug|Any CPU
		{344D23FA-D545-439B-9E12-5FCBCAC0BDCD}.Debug|Any CPU.Build.0 = Debug|Any CPU
		{344D23FA-D545-439B-9E12-5FCBCAC0BDCD}.Debug|x64.ActiveCfg = Debug|Any CPU
		{344D23FA-D545-439B-9E12-5FCBCAC0BDCD}.Debug|x64.Build.0 = Debug|Any CPU
		{344D23FA-D545-439B-9E12-5FCBCAC0BDCD}.Debug|x86.ActiveCfg = Debug|Any CPU
		{344D23FA-D545-439B-9E12-5FCBCAC0BDCD}.Debug|x86.Build.0 = Debug|Any CPU
		{344D23FA-D545-439B-9E12-5FCBCAC0BDCD}.Release|Any CPU.ActiveCfg = Release|Any CPU
		{344D23FA-D545-439B-9E12-5FCBCAC0BDCD}.Release|Any CPU.Build.0 = Release|Any CPU
		{344D23FA-D545-439B-9E12-5FCBCAC0BDCD}.Release|x64.ActiveCfg = Release|Any CPU
		{344D23FA-D545-439B-9E12-5FCBCAC0BDCD}.Release|x64.Build.0 = Release|Any CPU
		{344D23FA-D545-439B-9E12-5FCBCAC0BDCD}.Release|x86.ActiveCfg = Release|Any CPU
		{344D23FA-D545-439B-9E12-5FCBCAC0BDCD}.Release|x86.Build.0 = Release|Any CPU
		{2E9DC434-ABC0-4293-B365-D0313D565D20}.Debug|Any CPU.ActiveCfg = Debug|Any CPU
		{2E9DC434-ABC0-4293-B365-D0313D565D20}.Debug|Any CPU.Build.0 = Debug|Any CPU
		{2E9DC434-ABC0-4293-B365-D0313D565D20}.Debug|x64.ActiveCfg = Debug|Any CPU
		{2E9DC434-ABC0-4293-B365-D0313D565D20}.Debug|x64.Build.0 = Debug|Any CPU
		{2E9DC434-ABC0-4293-B365-D0313D565D20}.Debug|x86.ActiveCfg = Debug|Any CPU
		{2E9DC434-ABC0-4293-B365-D0313D565D20}.Debug|x86.Build.0 = Debug|Any CPU
		{2E9DC434-ABC0-4293-B365-D0313D565D20}.Release|Any CPU.ActiveCfg = Release|Any CPU
		{2E9DC434-ABC0-4293-B365-D0313D565D20}.Release|Any CPU.Build.0 = Release|Any CPU
		{2E9DC434-ABC0-4293-B365-D0313D565D20}.Release|x64.ActiveCfg = Release|Any CPU
		{2E9DC434-ABC0-4293-B365-D0313D565D20}.Release|x64.Build.0 = Release|Any CPU
		{2E9DC434-ABC0-4293-B365-D0313D565D20}.Release|x86.ActiveCfg = Release|Any CPU
		{2E9DC434-ABC0-4293-B365-D0313D565D20}.Release|x86.Build.0 = Release|Any CPU
		{D175AE9C-12E9-46EE-8F1B-449019EC41C3}.Debug|Any CPU.ActiveCfg = Debug|Any CPU
		{D175AE9C-12E9-46EE-8F1B-449019EC41C3}.Debug|Any CPU.Build.0 = Debug|Any CPU
		{D175AE9C-12E9-46EE-8F1B-449019EC41C3}.Debug|x64.ActiveCfg = Debug|Any CPU
		{D175AE9C-12E9-46EE-8F1B-449019EC41C3}.Debug|x64.Build.0 = Debug|Any CPU
		{D175AE9C-12E9-46EE-8F1B-449019EC41C3}.Debug|x86.ActiveCfg = Debug|Any CPU
		{D175AE9C-12E9-46EE-8F1B-449019EC41C3}.Debug|x86.Build.0 = Debug|Any CPU
		{D175AE9C-12E9-46EE-8F1B-449019EC41C3}.Release|Any CPU.ActiveCfg = Release|Any CPU
		{D175AE9C-12E9-46EE-8F1B-449019EC41C3}.Release|Any CPU.Build.0 = Release|Any CPU
		{D175AE9C-12E9-46EE-8F1B-449019EC41C3}.Release|x64.ActiveCfg = Release|Any CPU
		{D175AE9C-12E9-46EE-8F1B-449019EC41C3}.Release|x64.Build.0 = Release|Any CPU
		{D175AE9C-12E9-46EE-8F1B-449019EC41C3}.Release|x86.ActiveCfg = Release|Any CPU
		{D175AE9C-12E9-46EE-8F1B-449019EC41C3}.Release|x86.Build.0 = Release|Any CPU
	EndGlobalSection
	GlobalSection(SolutionProperties) = preSolution
		HideSolutionNode = FALSE
	EndGlobalSection
	GlobalSection(NestedProjects) = preSolution
		{BAA01B48-A979-46AF-A4E1-3ACE1595C627} = {1787FE1D-075E-9E68-7218-25F1BD1BBEAB}
		{432C9FE6-191E-41AD-8ED4-430A4EE34B8E} = {827E0CD3-B72D-47B6-A68D-7590B98EB39B}
		{3D6665B7-8051-A8F1-E9B8-0001FF66731B} = {432C9FE6-191E-41AD-8ED4-430A4EE34B8E}
		{AE8174F5-2D12-49BB-9ED6-5F04610D8576} = {3D6665B7-8051-A8F1-E9B8-0001FF66731B}
		{3F9A2F7D-CCD8-43B6-9BDC-6B2AD4F57951} = {3D6665B7-8051-A8F1-E9B8-0001FF66731B}
		{64D6CA14-029A-7BC3-5F47-A91DDCEB63D8} = {827E0CD3-B72D-47B6-A68D-7590B98EB39B}
		{CABEE6A7-1AC0-E781-A608-BB0742260772} = {64D6CA14-029A-7BC3-5F47-A91DDCEB63D8}
		{DBD60805-0959-4D36-9785-A236575572B9} = {CABEE6A7-1AC0-E781-A608-BB0742260772}
		{46FA380C-331A-4931-A717-6314AD75DA51} = {CABEE6A7-1AC0-E781-A608-BB0742260772}
		{B6C4993D-9A03-4DBE-B506-44A0F06ECDAC} = {CABEE6A7-1AC0-E781-A608-BB0742260772}
		{0EFF1269-0909-4904-A6D2-7EF9FDDAD74E} = {CABEE6A7-1AC0-E781-A608-BB0742260772}
		{6F846F74-8C68-4DA6-9285-7ADEE77CD114} = {CABEE6A7-1AC0-E781-A608-BB0742260772}
		{8E4B1DFE-2D0A-4437-9ED7-2451569A245B} = {CABEE6A7-1AC0-E781-A608-BB0742260772}
		{D473E44C-3408-47C4-A384-4183E283FDE5} = {CABEE6A7-1AC0-E781-A608-BB0742260772}
		{A23F5565-A632-4204-8982-6869C3B667A8} = {CABEE6A7-1AC0-E781-A608-BB0742260772}
		{79B8EE95-6A8F-4496-BB8C-AA8982B64812} = {CABEE6A7-1AC0-E781-A608-BB0742260772}
		{292B688E-B5D9-431F-BE48-4206C8C9EDF7} = {CABEE6A7-1AC0-E781-A608-BB0742260772}
		{ABB11140-289F-4C79-B17E-C79A8390769E} = {CABEE6A7-1AC0-E781-A608-BB0742260772}
		{9C761EEC-EA29-41FD-9878-E8B3F76DCC0A} = {CABEE6A7-1AC0-E781-A608-BB0742260772}
		{BB4AE452-14EC-45F6-8DC6-B7A005AF860A} = {CABEE6A7-1AC0-E781-A608-BB0742260772}
		{EED30E50-4707-4E31-B6C5-CD763FE0ECD2} = {3D6665B7-8051-A8F1-E9B8-0001FF66731B}
		{5D47A8DC-E1F9-4D8A-94FE-713BE784320F} = {1787FE1D-075E-9E68-7218-25F1BD1BBEAB}
		{9F3951CE-7391-4C2F-994A-856F39177FE5} = {CABEE6A7-1AC0-E781-A608-BB0742260772}
		{408F6CE1-76CC-6E38-F2D8-CFFF44A05B09} = {64D6CA14-029A-7BC3-5F47-A91DDCEB63D8}
		{0692263A-8C16-4E8B-A37F-715B766B21EC} = {408F6CE1-76CC-6E38-F2D8-CFFF44A05B09}
		{AECF0097-9379-4A5F-B490-0A2FDA8303D5} = {408F6CE1-76CC-6E38-F2D8-CFFF44A05B09}
		{1EFC10D4-2D8A-4701-B6B2-E0D0A836CFDF} = {408F6CE1-76CC-6E38-F2D8-CFFF44A05B09}
		{03943D9F-6251-4AB6-8F1E-035C2B5ED20B} = {408F6CE1-76CC-6E38-F2D8-CFFF44A05B09}
		{ABEFE026-230C-417B-8805-E29B2DF27A5A} = {408F6CE1-76CC-6E38-F2D8-CFFF44A05B09}
		{6758B1A1-035C-4738-953A-D45D3861D886} = {408F6CE1-76CC-6E38-F2D8-CFFF44A05B09}
		{BBCE4881-F8C6-4EE5-ABA2-71C726560A3D} = {408F6CE1-76CC-6E38-F2D8-CFFF44A05B09}
		{9332E014-DB03-4CC2-8B65-8FF44C7708DC} = {408F6CE1-76CC-6E38-F2D8-CFFF44A05B09}
		{1A7448D7-F81A-450A-84FB-3A0513FDD532} = {408F6CE1-76CC-6E38-F2D8-CFFF44A05B09}
		{551616FE-EF79-4EE4-9033-95064DBE3E01} = {408F6CE1-76CC-6E38-F2D8-CFFF44A05B09}
		{5A1393B7-F5FF-570E-3753-ADBF48F6DCAF} = {432C9FE6-191E-41AD-8ED4-430A4EE34B8E}
		{A9EBDCC6-78BC-4D3A-877D-6B960AB72BE9} = {5A1393B7-F5FF-570E-3753-ADBF48F6DCAF}
		{D57C21C6-7CF4-160C-7FFF-8651A26780EE} = {0AB3BF05-4346-4AA6-1389-037BE0695223}
		{D5B12A01-F838-45D9-A6A3-A30A2B1A6927} = {D57C21C6-7CF4-160C-7FFF-8651A26780EE}
		{45A13CEC-9955-4108-B94C-E35D3E341C8A} = {D57C21C6-7CF4-160C-7FFF-8651A26780EE}
		{664698BB-D8A0-45DC-AA83-7E3726DA270C} = {D57C21C6-7CF4-160C-7FFF-8651A26780EE}
		{ABE22AE3-D2AF-41A8-A252-F048004EB4FA} = {D57C21C6-7CF4-160C-7FFF-8651A26780EE}
		{A0F15C07-C319-4730-B179-73EDC6E864B5} = {D57C21C6-7CF4-160C-7FFF-8651A26780EE}
		{665AA044-1A25-49F8-B940-4DFEF0013438} = {D57C21C6-7CF4-160C-7FFF-8651A26780EE}
		{23D51680-9EDD-42C3-98D7-AB71986FEC0D} = {D57C21C6-7CF4-160C-7FFF-8651A26780EE}
		{DC30CAE2-C9D7-4C48-B310-2E6F226091E0} = {D57C21C6-7CF4-160C-7FFF-8651A26780EE}
		{24DBC8F1-E428-4DE0-9292-71E55840FAB2} = {D57C21C6-7CF4-160C-7FFF-8651A26780EE}
		{3A96C02C-27E4-42B1-BEF2-088BFD9C7539} = {D57C21C6-7CF4-160C-7FFF-8651A26780EE}
		{DBBD8622-46D9-408E-9735-F8EF38E6F013} = {D57C21C6-7CF4-160C-7FFF-8651A26780EE}
		{2837F60A-79D7-4DAD-79C8-0CEBDFCA8D40} = {0AB3BF05-4346-4AA6-1389-037BE0695223}
		{558EF514-535C-4C26-A701-D97FEE01B6AD} = {2837F60A-79D7-4DAD-79C8-0CEBDFCA8D40}
		{344D23FA-D545-439B-9E12-5FCBCAC0BDCD} = {2837F60A-79D7-4DAD-79C8-0CEBDFCA8D40}
		{2E9DC434-ABC0-4293-B365-D0313D565D20} = {2837F60A-79D7-4DAD-79C8-0CEBDFCA8D40}
		{D175AE9C-12E9-46EE-8F1B-449019EC41C3} = {D57C21C6-7CF4-160C-7FFF-8651A26780EE}
	EndGlobalSection
EndGlobal
